// !$*UTF8*$!
{
	archiveVersion = 1;
	classes = {
	};
	objectVersion = 56;
	objects = {

/* Begin PBXBuildFile section */
		05CADABDC1890DD2DB24C630 /* Pods_Music.framework in Frameworks */ = {isa = PBXBuildFile; fileRef = E42B9B634D26F9890ABDC40C /* Pods_Music.framework */; };
		CC06DFCD29AF303D0051D7C8 /* export_clear.mid in Resources */ = {isa = PBXBuildFile; fileRef = CC06DFCC29AF303D0051D7C8 /* export_clear.mid */; };
		CC185FEF29AC786A005EDF3B /* ntbldmtn.mid in Resources */ = {isa = PBXBuildFile; fileRef = CC185FEE29AC786A005EDF3B /* ntbldmtn.mid */; };
		CC59AF1329B63BF20082E5DB /* Prismatica Beat 03.caf in Resources */ = {isa = PBXBuildFile; fileRef = CC59AF1229B63BF20082E5DB /* Prismatica Beat 03.caf */; };
		CC59AF1529B63BFA0082E5DB /* Quincy - Coast To Coast.caf in Resources */ = {isa = PBXBuildFile; fileRef = CC59AF1429B63BFA0082E5DB /* Quincy - Coast To Coast.caf */; };
		CC63576329B894C400EA3747 /* beat.aiff in Resources */ = {isa = PBXBuildFile; fileRef = CC63576229B894C400EA3747 /* beat.aiff */; };
		CC63576529B89FF500EA3747 /* 你不知道03.mp3 in Resources */ = {isa = PBXBuildFile; fileRef = CC63576429B89FF500EA3747 /* 你不知道03.mp3 */; };
		CC63576729B8A68C00EA3747 /* BeatDrum.mp3 in Resources */ = {isa = PBXBuildFile; fileRef = CC63576629B8A68C00EA3747 /* BeatDrum.mp3 */; };
		CC63577A29B8AF0400EA3747 /* sand-1.wav in Resources */ = {isa = PBXBuildFile; fileRef = CC63576929B8AF0400EA3747 /* sand-1.wav */; };
		CC63577B29B8AF0400EA3747 /* sand-2.wav in Resources */ = {isa = PBXBuildFile; fileRef = CC63576A29B8AF0400EA3747 /* sand-2.wav */; };
		CC63577C29B8AF0400EA3747 /* sand-3.wav in Resources */ = {isa = PBXBuildFile; fileRef = CC63576B29B8AF0400EA3747 /* sand-3.wav */; };
		CC63577D29B8AF0400EA3747 /* sand-7.wav in Resources */ = {isa = PBXBuildFile; fileRef = CC63576C29B8AF0400EA3747 /* sand-7.wav */; };
		CC63577E29B8AF0400EA3747 /* sand-6.wav in Resources */ = {isa = PBXBuildFile; fileRef = CC63576D29B8AF0400EA3747 /* sand-6.wav */; };
		CC63577F29B8AF0400EA3747 /* sand-4.wav in Resources */ = {isa = PBXBuildFile; fileRef = CC63576E29B8AF0400EA3747 /* sand-4.wav */; };
		CC63578029B8AF0400EA3747 /* sand-5.wav in Resources */ = {isa = PBXBuildFile; fileRef = CC63576F29B8AF0400EA3747 /* sand-5.wav */; };
		CC63578229B8AF0400EA3747 /* stage-3.wav in Resources */ = {isa = PBXBuildFile; fileRef = CC63577129B8AF0400EA3747 /* stage-3.wav */; };
		CC63578329B8AF0400EA3747 /* stage-2.wav in Resources */ = {isa = PBXBuildFile; fileRef = CC63577229B8AF0400EA3747 /* stage-2.wav */; };
		CC63578429B8AF0400EA3747 /* stage-1.wav in Resources */ = {isa = PBXBuildFile; fileRef = CC63577329B8AF0400EA3747 /* stage-1.wav */; };
		CC63578529B8AF0400EA3747 /* stage-5.wav in Resources */ = {isa = PBXBuildFile; fileRef = CC63577429B8AF0400EA3747 /* stage-5.wav */; };
		CC63578629B8AF0400EA3747 /* stage-4.wav in Resources */ = {isa = PBXBuildFile; fileRef = CC63577529B8AF0400EA3747 /* stage-4.wav */; };
		CC63578729B8AF0400EA3747 /* stage-6.wav in Resources */ = {isa = PBXBuildFile; fileRef = CC63577629B8AF0400EA3747 /* stage-6.wav */; };
		CC63578829B8AF0400EA3747 /* stage-7.wav in Resources */ = {isa = PBXBuildFile; fileRef = CC63577729B8AF0400EA3747 /* stage-7.wav */; };
		CC63578929B8AF0400EA3747 /* stage-8.wav in Resources */ = {isa = PBXBuildFile; fileRef = CC63577829B8AF0400EA3747 /* stage-8.wav */; };
		CC63578A29B8AF0400EA3747 /* sand-8.wav in Resources */ = {isa = PBXBuildFile; fileRef = CC63577929B8AF0400EA3747 /* sand-8.wav */; };
		CC63578E29B8B6F500EA3747 /* m1.mp3 in Resources */ = {isa = PBXBuildFile; fileRef = CC63578C29B8B6F500EA3747 /* m1.mp3 */; };
		CC63578F29B8B6F500EA3747 /* m2.mp3 in Resources */ = {isa = PBXBuildFile; fileRef = CC63578D29B8B6F500EA3747 /* m2.mp3 */; };
		CC63579129B8B7F500EA3747 /* m3.mp3 in Resources */ = {isa = PBXBuildFile; fileRef = CC63579029B8B7F500EA3747 /* m3.mp3 */; };
		CC63579329B8BB9300EA3747 /* m4.mp3 in Resources */ = {isa = PBXBuildFile; fileRef = CC63579229B8BB9300EA3747 /* m4.mp3 */; };
		CC63579729B8BCB200EA3747 /* m5.mp3 in Resources */ = {isa = PBXBuildFile; fileRef = CC63579429B8BCB200EA3747 /* m5.mp3 */; };
		CC63579829B8BCB200EA3747 /* m6.mp3 in Resources */ = {isa = PBXBuildFile; fileRef = CC63579529B8BCB200EA3747 /* m6.mp3 */; };
		CC63579929B8BCB200EA3747 /* m7.mp3 in Resources */ = {isa = PBXBuildFile; fileRef = CC63579629B8BCB200EA3747 /* m7.mp3 */; };
		CC6357E429B8D60D00EA3747 /* egt3_23.mp3 in Resources */ = {isa = PBXBuildFile; fileRef = CC6357C029B8D60D00EA3747 /* egt3_23.mp3 */; };
		CC6357E529B8D60D00EA3747 /* e_piano_1_01.mp3 in Resources */ = {isa = PBXBuildFile; fileRef = CC6357C129B8D60D00EA3747 /* e_piano_1_01.mp3 */; };
		CC6357E629B8D60D00EA3747 /* egt3_22.mp3 in Resources */ = {isa = PBXBuildFile; fileRef = CC6357C229B8D60D00EA3747 /* egt3_22.mp3 */; };
		CC6357E729B8D60D00EA3747 /* e_piano_1_02.mp3 in Resources */ = {isa = PBXBuildFile; fileRef = CC6357C329B8D60D00EA3747 /* e_piano_1_02.mp3 */; };
		CC6357E829B8D60D00EA3747 /* e_piano_1_03.mp3 in Resources */ = {isa = PBXBuildFile; fileRef = CC6357C429B8D60D00EA3747 /* e_piano_1_03.mp3 */; };
		CC6357E929B8D60D00EA3747 /* egt3_21.mp3 in Resources */ = {isa = PBXBuildFile; fileRef = CC6357C529B8D60D00EA3747 /* egt3_21.mp3 */; };
		CC6357EA29B8D60D00EA3747 /* piano_14.mp3 in Resources */ = {isa = PBXBuildFile; fileRef = CC6357C629B8D60D00EA3747 /* piano_14.mp3 */; };
		CC6357EB29B8D60D00EA3747 /* violin_21.mp3 in Resources */ = {isa = PBXBuildFile; fileRef = CC6357C729B8D60D00EA3747 /* violin_21.mp3 */; };
		CC6357EC29B8D60D00EA3747 /* piano_15.mp3 in Resources */ = {isa = PBXBuildFile; fileRef = CC6357C829B8D60D00EA3747 /* piano_15.mp3 */; };
		CC6357ED29B8D60D00EA3747 /* piano_17.mp3 in Resources */ = {isa = PBXBuildFile; fileRef = CC6357C929B8D60D00EA3747 /* piano_17.mp3 */; };
		CC6357EE29B8D60D00EA3747 /* violin_23.mp3 in Resources */ = {isa = PBXBuildFile; fileRef = CC6357CA29B8D60D00EA3747 /* violin_23.mp3 */; };
		CC6357EF29B8D60D00EA3747 /* violin_22.mp3 in Resources */ = {isa = PBXBuildFile; fileRef = CC6357CB29B8D60D00EA3747 /* violin_22.mp3 */; };
		CC6357F029B8D60D00EA3747 /* piano_16.mp3 in Resources */ = {isa = PBXBuildFile; fileRef = CC6357CC29B8D60D00EA3747 /* piano_16.mp3 */; };
		CC6357F129B8D60D00EA3747 /* piano_12.mp3 in Resources */ = {isa = PBXBuildFile; fileRef = CC6357CD29B8D60D00EA3747 /* piano_12.mp3 */; };
		CC6357F229B8D60D00EA3747 /* piano_13.mp3 in Resources */ = {isa = PBXBuildFile; fileRef = CC6357CE29B8D60D00EA3747 /* piano_13.mp3 */; };
		CC6357F329B8D60D00EA3747 /* violin_3.mp3 in Resources */ = {isa = PBXBuildFile; fileRef = CC6357CF29B8D60D00EA3747 /* violin_3.mp3 */; };
		CC6357F429B8D60D00EA3747 /* violin_1.mp3 in Resources */ = {isa = PBXBuildFile; fileRef = CC6357D029B8D60D00EA3747 /* violin_1.mp3 */; };
		CC6357F529B8D60D00EA3747 /* piano_11.mp3 in Resources */ = {isa = PBXBuildFile; fileRef = CC6357D129B8D60D00EA3747 /* piano_11.mp3 */; };
		CC6357F629B8D60D00EA3747 /* piano_20.mp3 in Resources */ = {isa = PBXBuildFile; fileRef = CC6357D229B8D60D00EA3747 /* piano_20.mp3 */; };
		CC6357F729B8D60D00EA3747 /* piano_18.mp3 in Resources */ = {isa = PBXBuildFile; fileRef = CC6357D329B8D60D00EA3747 /* piano_18.mp3 */; };
		CC6357F829B8D60D00EA3747 /* piano_19.mp3 in Resources */ = {isa = PBXBuildFile; fileRef = CC6357D429B8D60D00EA3747 /* piano_19.mp3 */; };
		CC6357F929B8D60D00EA3747 /* meta2_3.mp3 in Resources */ = {isa = PBXBuildFile; fileRef = CC6357D529B8D60D00EA3747 /* meta2_3.mp3 */; };
		CC6357FA29B8D60D00EA3747 /* Bass04.mp3 in Resources */ = {isa = PBXBuildFile; fileRef = CC6357D629B8D60D00EA3747 /* Bass04.mp3 */; };
		CC6357FB29B8D60D00EA3747 /* Bell01.mp3 in Resources */ = {isa = PBXBuildFile; fileRef = CC6357D729B8D60D00EA3747 /* Bell01.mp3 */; };
		CC6357FC29B8D60D00EA3747 /* meta2_2.mp3 in Resources */ = {isa = PBXBuildFile; fileRef = CC6357D829B8D60D00EA3747 /* meta2_2.mp3 */; };
		CC6357FD29B8D60D00EA3747 /* meta2_1.mp3 in Resources */ = {isa = PBXBuildFile; fileRef = CC6357D929B8D60D00EA3747 /* meta2_1.mp3 */; };
		CC6357FE29B8D60D00EA3747 /* meta2_11.mp3 in Resources */ = {isa = PBXBuildFile; fileRef = CC6357DA29B8D60D00EA3747 /* meta2_11.mp3 */; };
		CC6357FF29B8D60D00EA3747 /* Bass02.mp3 in Resources */ = {isa = PBXBuildFile; fileRef = CC6357DB29B8D60D00EA3747 /* Bass02.mp3 */; };
		CC63580029B8D60D00EA3747 /* egt1_01.mp3 in Resources */ = {isa = PBXBuildFile; fileRef = CC6357DC29B8D60D00EA3747 /* egt1_01.mp3 */; };
		CC63580129B8D60D00EA3747 /* Bass03.mp3 in Resources */ = {isa = PBXBuildFile; fileRef = CC6357DD29B8D60D00EA3747 /* Bass03.mp3 */; };
		CC63580229B8D60D00EA3747 /* egt3_11.mp3 in Resources */ = {isa = PBXBuildFile; fileRef = CC6357DE29B8D60D00EA3747 /* egt3_11.mp3 */; };
		CC63580329B8D60D00EA3747 /* meta2_12.mp3 in Resources */ = {isa = PBXBuildFile; fileRef = CC6357DF29B8D60D00EA3747 /* meta2_12.mp3 */; };
		CC63580429B8D60D00EA3747 /* egt3_13.mp3 in Resources */ = {isa = PBXBuildFile; fileRef = CC6357E029B8D60D00EA3747 /* egt3_13.mp3 */; };
		CC63580529B8D60D00EA3747 /* Bass01.mp3 in Resources */ = {isa = PBXBuildFile; fileRef = CC6357E129B8D60D00EA3747 /* Bass01.mp3 */; };
		CC63580629B8D60D00EA3747 /* egt3_12.mp3 in Resources */ = {isa = PBXBuildFile; fileRef = CC6357E229B8D60D00EA3747 /* egt3_12.mp3 */; };
		CC63580729B8D60D00EA3747 /* meta2_13.mp3 in Resources */ = {isa = PBXBuildFile; fileRef = CC6357E329B8D60D00EA3747 /* meta2_13.mp3 */; };
		CC63580929B8DBFC00EA3747 /* Bell02.mp3 in Resources */ = {isa = PBXBuildFile; fileRef = CC63580829B8DBFC00EA3747 /* Bell02.mp3 */; };
		CC661C6C299CC4C100786AEB /* RootCell.swift in Sources */ = {isa = PBXBuildFile; fileRef = CC661C6A299CC4C100786AEB /* RootCell.swift */; };
		CC661C6D299CC4C100786AEB /* RootCell.xib in Resources */ = {isa = PBXBuildFile; fileRef = CC661C6B299CC4C100786AEB /* RootCell.xib */; };
		CC6B2D5729B0456000E37E23 /* MIDIShowController.swift in Sources */ = {isa = PBXBuildFile; fileRef = CC6B2D5529B0456000E37E23 /* MIDIShowController.swift */; };
		CC6B2D5829B0456000E37E23 /* MIDIShowController.xib in Resources */ = {isa = PBXBuildFile; fileRef = CC6B2D5629B0456000E37E23 /* MIDIShowController.xib */; };
		CC6B2D5B29B0748B00E37E23 /* Demo.mid in Resources */ = {isa = PBXBuildFile; fileRef = CC6B2D5A29B0748B00E37E23 /* Demo.mid */; };
		CC6B2D5D29B0749400E37E23 /* sibeliusGMajor.mid in Resources */ = {isa = PBXBuildFile; fileRef = CC6B2D5C29B0749400E37E23 /* sibeliusGMajor.mid */; };
		CC6B80A5299639C300371B0E /* AudioKit in Frameworks */ = {isa = PBXBuildFile; productRef = CC6B80A4299639C300371B0E /* AudioKit */; };
		CC74416A29B9BA9E009FB5B8 /* AudioKitRecordController.swift in Sources */ = {isa = PBXBuildFile; fileRef = CC74416829B9BA9E009FB5B8 /* AudioKitRecordController.swift */; };
		CC74416B29B9BA9E009FB5B8 /* AudioKitRecordController.xib in Resources */ = {isa = PBXBuildFile; fileRef = CC74416929B9BA9E009FB5B8 /* AudioKitRecordController.xib */; };
		CCA0E2C629ADD37B00FA5AF9 /* DealMIDIFileController.swift in Sources */ = {isa = PBXBuildFile; fileRef = CCA0E2C529ADD37B00FA5AF9 /* DealMIDIFileController.swift */; };
		CCA0E2C829ADD4D800FA5AF9 /* export.mid in Resources */ = {isa = PBXBuildFile; fileRef = CCA0E2C729ADD4D800FA5AF9 /* export.mid */; };
		CCA3A3AE29B478F7009CA5C9 /* MIDIPlayController.swift in Sources */ = {isa = PBXBuildFile; fileRef = CCA3A3AC29B478F7009CA5C9 /* MIDIPlayController.swift */; };
		CCA3A3AF29B478F7009CA5C9 /* MIDIPlayController.xib in Resources */ = {isa = PBXBuildFile; fileRef = CCA3A3AD29B478F7009CA5C9 /* MIDIPlayController.xib */; };
		CCA3A3C229B485CD009CA5C9 /* MIDIPlayCell.swift in Sources */ = {isa = PBXBuildFile; fileRef = CCA3A3C029B485CD009CA5C9 /* MIDIPlayCell.swift */; };
		CCA3A3C329B485CD009CA5C9 /* MIDIPlayCell.xib in Resources */ = {isa = PBXBuildFile; fileRef = CCA3A3C129B485CD009CA5C9 /* MIDIPlayCell.xib */; };
		CCA3A3EC29B4912A009CA5C9 /* Sounds in Resources */ = {isa = PBXBuildFile; fileRef = CCA3A3EB29B4912A009CA5C9 /* Sounds */; };
		CCA3A3F129B492F0009CA5C9 /* SoundpipeAudioKit in Frameworks */ = {isa = PBXBuildFile; productRef = CCA3A3F029B492F0009CA5C9 /* SoundpipeAudioKit */; };
		CCA3A3F329B492FE009CA5C9 /* KissFFT in Frameworks */ = {isa = PBXBuildFile; productRef = CCA3A3F229B492FE009CA5C9 /* KissFFT */; };
		CCA3A3F629B49329009CA5C9 /* AudioKitUI in Frameworks */ = {isa = PBXBuildFile; productRef = CCA3A3F529B49329009CA5C9 /* AudioKitUI */; };
		CCA3A3F929B49368009CA5C9 /* AudioKitEX in Frameworks */ = {isa = PBXBuildFile; productRef = CCA3A3F829B49368009CA5C9 /* AudioKitEX */; };
		CCA8A70129A767310086D1D2 /* Standard.sf2 in Resources */ = {isa = PBXBuildFile; fileRef = CCA8A6F029A767310086D1D2 /* Standard.sf2 */; };
		CCA8A70229A767310086D1D2 /* Organ.sf2 in Resources */ = {isa = PBXBuildFile; fileRef = CCA8A6F129A767310086D1D2 /* Organ.sf2 */; };
		CCA8A70329A767310086D1D2 /* Whistle.sf2 in Resources */ = {isa = PBXBuildFile; fileRef = CCA8A6F229A767310086D1D2 /* Whistle.sf2 */; };
		CCA8A70429A767310086D1D2 /* Piano.sf2 in Resources */ = {isa = PBXBuildFile; fileRef = CCA8A6F329A767310086D1D2 /* Piano.sf2 */; };
		CCA8A70529A767310086D1D2 /* Acoustic Bass.sf2 in Resources */ = {isa = PBXBuildFile; fileRef = CCA8A6F429A767310086D1D2 /* Acoustic Bass.sf2 */; };
		CCA8A70629A767310086D1D2 /* Brass.sf2 in Resources */ = {isa = PBXBuildFile; fileRef = CCA8A6F529A767310086D1D2 /* Brass.sf2 */; };
		CCA8A70729A767310086D1D2 /* Violin.sf2 in Resources */ = {isa = PBXBuildFile; fileRef = CCA8A6F629A767310086D1D2 /* Violin.sf2 */; };
		CCA8A70829A767310086D1D2 /* Accordion.sf2 in Resources */ = {isa = PBXBuildFile; fileRef = CCA8A6F729A767310086D1D2 /* Accordion.sf2 */; };
		CCA8A70929A767310086D1D2 /* Ocarina.sf2 in Resources */ = {isa = PBXBuildFile; fileRef = CCA8A6F829A767310086D1D2 /* Ocarina.sf2 */; };
		CCA8A70A29A767310086D1D2 /* Celesta.sf2 in Resources */ = {isa = PBXBuildFile; fileRef = CCA8A6F929A767310086D1D2 /* Celesta.sf2 */; };
		CCA8A70B29A767310086D1D2 /* Music Box.sf2 in Resources */ = {isa = PBXBuildFile; fileRef = CCA8A6FA29A767310086D1D2 /* Music Box.sf2 */; };
		CCA8A70C29A767310086D1D2 /* Tubular Bells.sf2 in Resources */ = {isa = PBXBuildFile; fileRef = CCA8A6FB29A767310086D1D2 /* Tubular Bells.sf2 */; };
		CCA8A70D29A767310086D1D2 /* Nylon Guitar.sf2 in Resources */ = {isa = PBXBuildFile; fileRef = CCA8A6FC29A767310086D1D2 /* Nylon Guitar.sf2 */; };
		CCA8A70E29A767310086D1D2 /* Choir Aahs.sf2 in Resources */ = {isa = PBXBuildFile; fileRef = CCA8A6FD29A767310086D1D2 /* Choir Aahs.sf2 */; };
		CCA8A70F29A767310086D1D2 /* Harp.sf2 in Resources */ = {isa = PBXBuildFile; fileRef = CCA8A6FE29A767310086D1D2 /* Harp.sf2 */; };
		CCA8A71029A767310086D1D2 /* Tremolo Strings.sf2 in Resources */ = {isa = PBXBuildFile; fileRef = CCA8A6FF29A767310086D1D2 /* Tremolo Strings.sf2 */; };
		CCA8A71129A767310086D1D2 /* Clavinet.sf2 in Resources */ = {isa = PBXBuildFile; fileRef = CCA8A70029A767310086D1D2 /* Clavinet.sf2 */; };
		CCAF6A6B29B609DF00755FDF /* Bell Bottom Bass.caf in Resources */ = {isa = PBXBuildFile; fileRef = CCAF6A6929B609DF00755FDF /* Bell Bottom Bass.caf */; };
		CCAF6A6C29B609DF00755FDF /* Bell Bottom Guitar.caf in Resources */ = {isa = PBXBuildFile; fileRef = CCAF6A6A29B609DF00755FDF /* Bell Bottom Guitar.caf */; };
		CCAF6A6E29B60A8600755FDF /* Beat.caf in Resources */ = {isa = PBXBuildFile; fileRef = CCAF6A6D29B60A8600755FDF /* Beat.caf */; };
		CCAF6A7029B60DF000755FDF /* Kyle - Chorus.caf in Resources */ = {isa = PBXBuildFile; fileRef = CCAF6A6F29B60DF000755FDF /* Kyle - Chorus.caf */; };
		CCAF6A7229B61AD400755FDF /* basic_pitch.mid in Resources */ = {isa = PBXBuildFile; fileRef = CCAF6A7129B61AD400755FDF /* basic_pitch.mid */; };
		CCAF6A7429B6206200755FDF /* Electric Piano.caf in Resources */ = {isa = PBXBuildFile; fileRef = CCAF6A7329B6206200755FDF /* Electric Piano.caf */; };
		CCC66C8529B859EF00343997 /* Tenor_Sax.sf2 in Resources */ = {isa = PBXBuildFile; fileRef = CCC66C8429B859EF00343997 /* Tenor_Sax.sf2 */; };
		CCC66C8829B85A9700343997 /* Guzheng.sf2 in Resources */ = {isa = PBXBuildFile; fileRef = CCC66C8629B85A9700343997 /* Guzheng.sf2 */; };
		CCC66C8929B85A9700343997 /* Pipa.sf2 in Resources */ = {isa = PBXBuildFile; fileRef = CCC66C8729B85A9700343997 /* Pipa.sf2 */; };
		CCC66C8B29B85B6300343997 /* BangDi.sf2 in Resources */ = {isa = PBXBuildFile; fileRef = CCC66C8A29B85B6300343997 /* BangDi.sf2 */; };
		CCC66C8D29B85DA700343997 /* Flute.sf2 in Resources */ = {isa = PBXBuildFile; fileRef = CCC66C8C29B85DA700343997 /* Flute.sf2 */; };
		CCC66C9729B86AA600343997 /* QingHuaCi1.mp3 in Resources */ = {isa = PBXBuildFile; fileRef = CCC66C9629B86AA600343997 /* QingHuaCi1.mp3 */; };
		CCC66C9D29B86C9100343997 /* 青花瓷-段落1-女声.mp3 in Resources */ = {isa = PBXBuildFile; fileRef = CCC66C9829B86C9000343997 /* 青花瓷-段落1-女声.mp3 */; };
		CCC66C9E29B86C9100343997 /* 青花瓷-段落1-小提琴.mp3 in Resources */ = {isa = PBXBuildFile; fileRef = CCC66C9929B86C9000343997 /* 青花瓷-段落1-小提琴.mp3 */; };
		CCC66C9F29B86C9100343997 /* 青花瓷-段落1-吉他.mp3 in Resources */ = {isa = PBXBuildFile; fileRef = CCC66C9A29B86C9000343997 /* 青花瓷-段落1-吉他.mp3 */; };
		CCC66CA029B86C9100343997 /* 青花瓷-段落1-马林巴琴.mp3 in Resources */ = {isa = PBXBuildFile; fileRef = CCC66C9B29B86C9000343997 /* 青花瓷-段落1-马林巴琴.mp3 */; };
		CCC66CA129B86C9100343997 /* 青花瓷-段落1-长笛.mp3 in Resources */ = {isa = PBXBuildFile; fileRef = CCC66C9C29B86C9100343997 /* 青花瓷-段落1-长笛.mp3 */; };
		CCC66CA729B8744C00343997 /* 青花瓷-段落2-钢琴.mp3 in Resources */ = {isa = PBXBuildFile; fileRef = CCC66CA229B8744C00343997 /* 青花瓷-段落2-钢琴.mp3 */; };
		CCC66CA829B8744C00343997 /* 青花瓷-段落2-吉他.mp3 in Resources */ = {isa = PBXBuildFile; fileRef = CCC66CA329B8744C00343997 /* 青花瓷-段落2-吉他.mp3 */; };
		CCC66CA929B8744C00343997 /* 青花瓷-段落2-小提琴.mp3 in Resources */ = {isa = PBXBuildFile; fileRef = CCC66CA429B8744C00343997 /* 青花瓷-段落2-小提琴.mp3 */; };
		CCC66CAA29B8744C00343997 /* 青花瓷-段落2-长笛.mp3 in Resources */ = {isa = PBXBuildFile; fileRef = CCC66CA529B8744C00343997 /* 青花瓷-段落2-长笛.mp3 */; };
		CCC66CAB29B8744C00343997 /* 青花瓷-段落2-马林巴琴.mp3 in Resources */ = {isa = PBXBuildFile; fileRef = CCC66CA629B8744C00343997 /* 青花瓷-段落2-马林巴琴.mp3 */; };
		CCC9F41F29A31219006CC4F0 /* Bassoon.sf2 in Resources */ = {isa = PBXBuildFile; fileRef = CCC9F41E29A31219006CC4F0 /* Bassoon.sf2 */; };
		CCC9F42129A31225006CC4F0 /* Clarinet.sf2 in Resources */ = {isa = PBXBuildFile; fileRef = CCC9F42029A31225006CC4F0 /* Clarinet.sf2 */; };
		CCC9F42329A31235006CC4F0 /* Guitar Harmonics.sf2 in Resources */ = {isa = PBXBuildFile; fileRef = CCC9F42229A31235006CC4F0 /* Guitar Harmonics.sf2 */; };
		CCC9F42529A31243006CC4F0 /* MT-32 Drum Kit.sf2 in Resources */ = {isa = PBXBuildFile; fileRef = CCC9F42429A31243006CC4F0 /* MT-32 Drum Kit.sf2 */; };
		CCC9F42729A31251006CC4F0 /* Rock Piano.sf2 in Resources */ = {isa = PBXBuildFile; fileRef = CCC9F42629A31251006CC4F0 /* Rock Piano.sf2 */; };
		CCC9F42B29A31280006CC4F0 /* Shannai.sf2 in Resources */ = {isa = PBXBuildFile; fileRef = CCC9F42A29A31280006CC4F0 /* Shannai.sf2 */; };
		CCC9F44629A4D3C3006CC4F0 /* GeneralUser GS MuseScore v1.442.sf2 in Resources */ = {isa = PBXBuildFile; fileRef = CCC9F44529A4D3C3006CC4F0 /* GeneralUser GS MuseScore v1.442.sf2 */; };
		CCD9C1E329B1D56800E5E8A8 /* ShakeDemoController.swift in Sources */ = {isa = PBXBuildFile; fileRef = CCD9C1E129B1D56800E5E8A8 /* ShakeDemoController.swift */; };
		CCD9C1E429B1D56800E5E8A8 /* ShakeDemoController.xib in Resources */ = {isa = PBXBuildFile; fileRef = CCD9C1E229B1D56800E5E8A8 /* ShakeDemoController.xib */; };
		CCD9C1EC29B1D57E00E5E8A8 /* ShakeModel.swift in Sources */ = {isa = PBXBuildFile; fileRef = CCD9C1E629B1D57E00E5E8A8 /* ShakeModel.swift */; };
		CCD9C1ED29B1D57E00E5E8A8 /* ShakeInfoCell.xib in Resources */ = {isa = PBXBuildFile; fileRef = CCD9C1E829B1D57E00E5E8A8 /* ShakeInfoCell.xib */; };
		CCD9C1EE29B1D57E00E5E8A8 /* ShakeInfoCell.swift in Sources */ = {isa = PBXBuildFile; fileRef = CCD9C1E929B1D57E00E5E8A8 /* ShakeInfoCell.swift */; };
		CCD9C1EF29B1D57E00E5E8A8 /* ShakeTopCell.swift in Sources */ = {isa = PBXBuildFile; fileRef = CCD9C1EA29B1D57E00E5E8A8 /* ShakeTopCell.swift */; };
		CCD9C1F029B1D57E00E5E8A8 /* ShakeTopCell.xib in Resources */ = {isa = PBXBuildFile; fileRef = CCD9C1EB29B1D57E00E5E8A8 /* ShakeTopCell.xib */; };
		CCD9C1F829B1D59600E5E8A8 /* Against Time Sax Sample.caf in Resources */ = {isa = PBXBuildFile; fileRef = CCD9C1F229B1D59600E5E8A8 /* Against Time Sax Sample.caf */; };
		CCD9C1F929B1D59600E5E8A8 /* Against Time Piano.caf in Resources */ = {isa = PBXBuildFile; fileRef = CCD9C1F329B1D59600E5E8A8 /* Against Time Piano.caf */; };
		CCD9C1FA29B1D59600E5E8A8 /* Against Time Staccato Strings.caf in Resources */ = {isa = PBXBuildFile; fileRef = CCD9C1F429B1D59600E5E8A8 /* Against Time Staccato Strings.caf */; };
		CCD9C1FB29B1D59600E5E8A8 /* Against Time Keys.caf in Resources */ = {isa = PBXBuildFile; fileRef = CCD9C1F529B1D59600E5E8A8 /* Against Time Keys.caf */; };
		CCD9C1FC29B1D59600E5E8A8 /* Altered State Beat 01.caf in Resources */ = {isa = PBXBuildFile; fileRef = CCD9C1F629B1D59600E5E8A8 /* Altered State Beat 01.caf */; };
		CCD9C1FD29B1D59600E5E8A8 /* Amber Beat 01.caf in Resources */ = {isa = PBXBuildFile; fileRef = CCD9C1F729B1D59600E5E8A8 /* Amber Beat 01.caf */; };
		CCD9C1FF29B1D60A00E5E8A8 /* ExampleSegment.swift in Sources */ = {isa = PBXBuildFile; fileRef = CCD9C1FE29B1D60A00E5E8A8 /* ExampleSegment.swift */; };
		CCDBC1FE2993A0320032A1BD /* RootController.swift in Sources */ = {isa = PBXBuildFile; fileRef = CCDBC1E82993A0320032A1BD /* RootController.swift */; };
		CCDBC1FF2993A0320032A1BD /* RecordController.xib in Resources */ = {isa = PBXBuildFile; fileRef = CCDBC1E92993A0320032A1BD /* RecordController.xib */; };
		CCDBC2002993A0320032A1BD /* RecordController.swift in Sources */ = {isa = PBXBuildFile; fileRef = CCDBC1EA2993A0320032A1BD /* RecordController.swift */; };
		CCDBC2012993A0320032A1BD /* RootController.xib in Resources */ = {isa = PBXBuildFile; fileRef = CCDBC1EB2993A0320032A1BD /* RootController.xib */; };
		CCDE57AA29B70C1700FF3610 /* Kyle.mp3 in Resources */ = {isa = PBXBuildFile; fileRef = CCDE57A929B70C1700FF3610 /* Kyle.mp3 */; };
		CCDE57AC29B70C3000FF3610 /* CoolBass.mp3 in Resources */ = {isa = PBXBuildFile; fileRef = CCDE57AB29B70C3000FF3610 /* CoolBass.mp3 */; };
		CCDE57AE29B70C5100FF3610 /* Prismatica.mp3 in Resources */ = {isa = PBXBuildFile; fileRef = CCDE57AD29B70C5100FF3610 /* Prismatica.mp3 */; };
		CCDE57B029B70C7300FF3610 /* Quincy.mp3 in Resources */ = {isa = PBXBuildFile; fileRef = CCDE57AF29B70C7300FF3610 /* Quincy.mp3 */; };
		CCDE57B229B70C9400FF3610 /* Rose.mp3 in Resources */ = {isa = PBXBuildFile; fileRef = CCDE57B129B70C9400FF3610 /* Rose.mp3 */; };
		CCDE57B529B7117A00FF3610 /* MusicPlayController.swift in Sources */ = {isa = PBXBuildFile; fileRef = CCDE57B329B7117A00FF3610 /* MusicPlayController.swift */; };
		CCDE57B629B7117A00FF3610 /* MusicPlayController.xib in Resources */ = {isa = PBXBuildFile; fileRef = CCDE57B429B7117A00FF3610 /* MusicPlayController.xib */; };
		CCDE57B829B7157D00FF3610 /* MusicModel.swift in Sources */ = {isa = PBXBuildFile; fileRef = CCDE57B729B7157D00FF3610 /* MusicModel.swift */; };
		CCDE57BA29B71C1800FF3610 /* Guitar.mp3 in Resources */ = {isa = PBXBuildFile; fileRef = CCDE57B929B71C1800FF3610 /* Guitar.mp3 */; };
		CCDE57BD29B72D8F00FF3610 /* AudioSampler.swift in Sources */ = {isa = PBXBuildFile; fileRef = CCDE57BC29B72D8F00FF3610 /* AudioSampler.swift */; };
		CCDE57BF29B72DF400FF3610 /* Keyboard in Frameworks */ = {isa = PBXBuildFile; productRef = CCDE57BE29B72DF400FF3610 /* Keyboard */; };
		CCDE57C129B744C300FF3610 /* 4tracks.mid in Resources */ = {isa = PBXBuildFile; fileRef = CCDE57C029B744C300FF3610 /* 4tracks.mid */; };
		CCDE57C329B7488A00FF3610 /* Single.mid in Resources */ = {isa = PBXBuildFile; fileRef = CCDE57C229B7488A00FF3610 /* Single.mid */; };
		CCDE57C529B7782000FF3610 /* QingHuaCi.mid in Resources */ = {isa = PBXBuildFile; fileRef = CCDE57C429B7782000FF3610 /* QingHuaCi.mid */; };
		CCDE57CF29B78EF400FF3610 /* tool.mp3 in Resources */ = {isa = PBXBuildFile; fileRef = CCDE57CE29B78EF400FF3610 /* tool.mp3 */; };
		CCE9587029A5B315007D2B62 /* NetworkManager.swift in Sources */ = {isa = PBXBuildFile; fileRef = CCE9586F29A5B315007D2B62 /* NetworkManager.swift */; };
		CCE9587229A5BFE7007D2B62 /* Const.swift in Sources */ = {isa = PBXBuildFile; fileRef = CCE9587129A5BFE7007D2B62 /* Const.swift */; };
		CCE9589529A5EA88007D2B62 /* Toast.swift in Sources */ = {isa = PBXBuildFile; fileRef = CCE9589429A5EA88007D2B62 /* Toast.swift */; };
		CCE9589929A5EAF5007D2B62 /* Bridge.m in Sources */ = {isa = PBXBuildFile; fileRef = CCE9589829A5EAF5007D2B62 /* Bridge.m */; };
		CCE9589B29A5EB6D007D2B62 /* CommonSetting.swift in Sources */ = {isa = PBXBuildFile; fileRef = CCE9589A29A5EB6D007D2B62 /* CommonSetting.swift */; };
		CCE958A129A5EFEB007D2B62 /* RecordMIDIController.swift in Sources */ = {isa = PBXBuildFile; fileRef = CCE9589F29A5EFEB007D2B62 /* RecordMIDIController.swift */; };
		CCE958A229A5EFEB007D2B62 /* RecordMIDIController.xib in Resources */ = {isa = PBXBuildFile; fileRef = CCE958A029A5EFEB007D2B62 /* RecordMIDIController.xib */; };
		CCE958AC29A61006007D2B62 /* TrackView.swift in Sources */ = {isa = PBXBuildFile; fileRef = CCE958AB29A61006007D2B62 /* TrackView.swift */; };
		CCE958B129A62F4E007D2B62 /* Electric_Piano.sf2 in Resources */ = {isa = PBXBuildFile; fileRef = CCE958AF29A62F4E007D2B62 /* Electric_Piano.sf2 */; };
		CCE958B229A62F4E007D2B62 /* Grand_Piano.sf2 in Resources */ = {isa = PBXBuildFile; fileRef = CCE958B029A62F4E007D2B62 /* Grand_Piano.sf2 */; };
		CCF9AF2029939DDE00AA61F6 /* AppDelegate.swift in Sources */ = {isa = PBXBuildFile; fileRef = CCF9AF1F29939DDE00AA61F6 /* AppDelegate.swift */; };
		CCF9AF2229939DDE00AA61F6 /* SceneDelegate.swift in Sources */ = {isa = PBXBuildFile; fileRef = CCF9AF2129939DDE00AA61F6 /* SceneDelegate.swift */; };
		CCF9AF2929939DDE00AA61F6 /* Assets.xcassets in Resources */ = {isa = PBXBuildFile; fileRef = CCF9AF2829939DDE00AA61F6 /* Assets.xcassets */; };
		CCF9AF2C29939DDE00AA61F6 /* LaunchScreen.storyboard in Resources */ = {isa = PBXBuildFile; fileRef = CCF9AF2A29939DDE00AA61F6 /* LaunchScreen.storyboard */; };
/* End PBXBuildFile section */

/* Begin PBXFileReference section */
		A525181CB975EE9C93165524 /* Pods-Music.debug.xcconfig */ = {isa = PBXFileReference; includeInIndex = 1; lastKnownFileType = text.xcconfig; name = "Pods-Music.debug.xcconfig"; path = "Target Support Files/Pods-Music/Pods-Music.debug.xcconfig"; sourceTree = "<group>"; };
		BEB5A15800A3E6336A9E273C /* Pods-Music.release.xcconfig */ = {isa = PBXFileReference; includeInIndex = 1; lastKnownFileType = text.xcconfig; name = "Pods-Music.release.xcconfig"; path = "Target Support Files/Pods-Music/Pods-Music.release.xcconfig"; sourceTree = "<group>"; };
		CC06DFCC29AF303D0051D7C8 /* export_clear.mid */ = {isa = PBXFileReference; lastKnownFileType = audio.midi; path = export_clear.mid; sourceTree = "<group>"; };
		CC185FEE29AC786A005EDF3B /* ntbldmtn.mid */ = {isa = PBXFileReference; lastKnownFileType = audio.midi; path = ntbldmtn.mid; sourceTree = "<group>"; };
		CC1E12C829A760E500CCE544 /* AudioKit */ = {isa = PBXFileReference; lastKnownFileType = wrapper; name = AudioKit; path = ../AudioKitSource/AudioKit; sourceTree = "<group>"; };
		CC59AF1229B63BF20082E5DB /* Prismatica Beat 03.caf */ = {isa = PBXFileReference; lastKnownFileType = file; path = "Prismatica Beat 03.caf"; sourceTree = "<group>"; };
		CC59AF1429B63BFA0082E5DB /* Quincy - Coast To Coast.caf */ = {isa = PBXFileReference; lastKnownFileType = file; path = "Quincy - Coast To Coast.caf"; sourceTree = "<group>"; };
		CC63576229B894C400EA3747 /* beat.aiff */ = {isa = PBXFileReference; lastKnownFileType = audio.aiff; path = beat.aiff; sourceTree = "<group>"; };
		CC63576429B89FF500EA3747 /* 你不知道03.mp3 */ = {isa = PBXFileReference; lastKnownFileType = audio.mp3; path = "你不知道03.mp3"; sourceTree = "<group>"; };
		CC63576629B8A68C00EA3747 /* BeatDrum.mp3 */ = {isa = PBXFileReference; lastKnownFileType = audio.mp3; path = BeatDrum.mp3; sourceTree = "<group>"; };
		CC63576929B8AF0400EA3747 /* sand-1.wav */ = {isa = PBXFileReference; lastKnownFileType = audio.wav; path = "sand-1.wav"; sourceTree = "<group>"; };
		CC63576A29B8AF0400EA3747 /* sand-2.wav */ = {isa = PBXFileReference; lastKnownFileType = audio.wav; path = "sand-2.wav"; sourceTree = "<group>"; };
		CC63576B29B8AF0400EA3747 /* sand-3.wav */ = {isa = PBXFileReference; lastKnownFileType = audio.wav; path = "sand-3.wav"; sourceTree = "<group>"; };
		CC63576C29B8AF0400EA3747 /* sand-7.wav */ = {isa = PBXFileReference; lastKnownFileType = audio.wav; path = "sand-7.wav"; sourceTree = "<group>"; };
		CC63576D29B8AF0400EA3747 /* sand-6.wav */ = {isa = PBXFileReference; lastKnownFileType = audio.wav; path = "sand-6.wav"; sourceTree = "<group>"; };
		CC63576E29B8AF0400EA3747 /* sand-4.wav */ = {isa = PBXFileReference; lastKnownFileType = audio.wav; path = "sand-4.wav"; sourceTree = "<group>"; };
		CC63576F29B8AF0400EA3747 /* sand-5.wav */ = {isa = PBXFileReference; lastKnownFileType = audio.wav; path = "sand-5.wav"; sourceTree = "<group>"; };
		CC63577129B8AF0400EA3747 /* stage-3.wav */ = {isa = PBXFileReference; lastKnownFileType = audio.wav; path = "stage-3.wav"; sourceTree = "<group>"; };
		CC63577229B8AF0400EA3747 /* stage-2.wav */ = {isa = PBXFileReference; lastKnownFileType = audio.wav; path = "stage-2.wav"; sourceTree = "<group>"; };
		CC63577329B8AF0400EA3747 /* stage-1.wav */ = {isa = PBXFileReference; lastKnownFileType = audio.wav; path = "stage-1.wav"; sourceTree = "<group>"; };
		CC63577429B8AF0400EA3747 /* stage-5.wav */ = {isa = PBXFileReference; lastKnownFileType = audio.wav; path = "stage-5.wav"; sourceTree = "<group>"; };
		CC63577529B8AF0400EA3747 /* stage-4.wav */ = {isa = PBXFileReference; lastKnownFileType = audio.wav; path = "stage-4.wav"; sourceTree = "<group>"; };
		CC63577629B8AF0400EA3747 /* stage-6.wav */ = {isa = PBXFileReference; lastKnownFileType = audio.wav; path = "stage-6.wav"; sourceTree = "<group>"; };
		CC63577729B8AF0400EA3747 /* stage-7.wav */ = {isa = PBXFileReference; lastKnownFileType = audio.wav; path = "stage-7.wav"; sourceTree = "<group>"; };
		CC63577829B8AF0400EA3747 /* stage-8.wav */ = {isa = PBXFileReference; lastKnownFileType = audio.wav; path = "stage-8.wav"; sourceTree = "<group>"; };
		CC63577929B8AF0400EA3747 /* sand-8.wav */ = {isa = PBXFileReference; lastKnownFileType = audio.wav; path = "sand-8.wav"; sourceTree = "<group>"; };
		CC63578C29B8B6F500EA3747 /* m1.mp3 */ = {isa = PBXFileReference; lastKnownFileType = audio.mp3; path = m1.mp3; sourceTree = "<group>"; };
		CC63578D29B8B6F500EA3747 /* m2.mp3 */ = {isa = PBXFileReference; lastKnownFileType = audio.mp3; path = m2.mp3; sourceTree = "<group>"; };
		CC63579029B8B7F500EA3747 /* m3.mp3 */ = {isa = PBXFileReference; lastKnownFileType = audio.mp3; path = m3.mp3; sourceTree = "<group>"; };
		CC63579229B8BB9300EA3747 /* m4.mp3 */ = {isa = PBXFileReference; lastKnownFileType = audio.mp3; path = m4.mp3; sourceTree = "<group>"; };
		CC63579429B8BCB200EA3747 /* m5.mp3 */ = {isa = PBXFileReference; lastKnownFileType = audio.mp3; path = m5.mp3; sourceTree = "<group>"; };
		CC63579529B8BCB200EA3747 /* m6.mp3 */ = {isa = PBXFileReference; lastKnownFileType = audio.mp3; path = m6.mp3; sourceTree = "<group>"; };
		CC63579629B8BCB200EA3747 /* m7.mp3 */ = {isa = PBXFileReference; lastKnownFileType = audio.mp3; path = m7.mp3; sourceTree = "<group>"; };
		CC6357C029B8D60D00EA3747 /* egt3_23.mp3 */ = {isa = PBXFileReference; lastKnownFileType = audio.mp3; path = egt3_23.mp3; sourceTree = "<group>"; };
		CC6357C129B8D60D00EA3747 /* e_piano_1_01.mp3 */ = {isa = PBXFileReference; lastKnownFileType = audio.mp3; path = e_piano_1_01.mp3; sourceTree = "<group>"; };
		CC6357C229B8D60D00EA3747 /* egt3_22.mp3 */ = {isa = PBXFileReference; lastKnownFileType = audio.mp3; path = egt3_22.mp3; sourceTree = "<group>"; };
		CC6357C329B8D60D00EA3747 /* e_piano_1_02.mp3 */ = {isa = PBXFileReference; lastKnownFileType = audio.mp3; path = e_piano_1_02.mp3; sourceTree = "<group>"; };
		CC6357C429B8D60D00EA3747 /* e_piano_1_03.mp3 */ = {isa = PBXFileReference; lastKnownFileType = audio.mp3; path = e_piano_1_03.mp3; sourceTree = "<group>"; };
		CC6357C529B8D60D00EA3747 /* egt3_21.mp3 */ = {isa = PBXFileReference; lastKnownFileType = audio.mp3; path = egt3_21.mp3; sourceTree = "<group>"; };
		CC6357C629B8D60D00EA3747 /* piano_14.mp3 */ = {isa = PBXFileReference; lastKnownFileType = audio.mp3; path = piano_14.mp3; sourceTree = "<group>"; };
		CC6357C729B8D60D00EA3747 /* violin_21.mp3 */ = {isa = PBXFileReference; lastKnownFileType = audio.mp3; path = violin_21.mp3; sourceTree = "<group>"; };
		CC6357C829B8D60D00EA3747 /* piano_15.mp3 */ = {isa = PBXFileReference; lastKnownFileType = audio.mp3; path = piano_15.mp3; sourceTree = "<group>"; };
		CC6357C929B8D60D00EA3747 /* piano_17.mp3 */ = {isa = PBXFileReference; lastKnownFileType = audio.mp3; path = piano_17.mp3; sourceTree = "<group>"; };
		CC6357CA29B8D60D00EA3747 /* violin_23.mp3 */ = {isa = PBXFileReference; lastKnownFileType = audio.mp3; path = violin_23.mp3; sourceTree = "<group>"; };
		CC6357CB29B8D60D00EA3747 /* violin_22.mp3 */ = {isa = PBXFileReference; lastKnownFileType = audio.mp3; path = violin_22.mp3; sourceTree = "<group>"; };
		CC6357CC29B8D60D00EA3747 /* piano_16.mp3 */ = {isa = PBXFileReference; lastKnownFileType = audio.mp3; path = piano_16.mp3; sourceTree = "<group>"; };
		CC6357CD29B8D60D00EA3747 /* piano_12.mp3 */ = {isa = PBXFileReference; lastKnownFileType = audio.mp3; path = piano_12.mp3; sourceTree = "<group>"; };
		CC6357CE29B8D60D00EA3747 /* piano_13.mp3 */ = {isa = PBXFileReference; lastKnownFileType = audio.mp3; path = piano_13.mp3; sourceTree = "<group>"; };
		CC6357CF29B8D60D00EA3747 /* violin_3.mp3 */ = {isa = PBXFileReference; lastKnownFileType = audio.mp3; path = violin_3.mp3; sourceTree = "<group>"; };
		CC6357D029B8D60D00EA3747 /* violin_1.mp3 */ = {isa = PBXFileReference; lastKnownFileType = audio.mp3; path = violin_1.mp3; sourceTree = "<group>"; };
		CC6357D129B8D60D00EA3747 /* piano_11.mp3 */ = {isa = PBXFileReference; lastKnownFileType = audio.mp3; path = piano_11.mp3; sourceTree = "<group>"; };
		CC6357D229B8D60D00EA3747 /* piano_20.mp3 */ = {isa = PBXFileReference; lastKnownFileType = audio.mp3; path = piano_20.mp3; sourceTree = "<group>"; };
		CC6357D329B8D60D00EA3747 /* piano_18.mp3 */ = {isa = PBXFileReference; lastKnownFileType = audio.mp3; path = piano_18.mp3; sourceTree = "<group>"; };
		CC6357D429B8D60D00EA3747 /* piano_19.mp3 */ = {isa = PBXFileReference; lastKnownFileType = audio.mp3; path = piano_19.mp3; sourceTree = "<group>"; };
		CC6357D529B8D60D00EA3747 /* meta2_3.mp3 */ = {isa = PBXFileReference; lastKnownFileType = audio.mp3; path = meta2_3.mp3; sourceTree = "<group>"; };
		CC6357D629B8D60D00EA3747 /* Bass04.mp3 */ = {isa = PBXFileReference; lastKnownFileType = audio.mp3; path = Bass04.mp3; sourceTree = "<group>"; };
		CC6357D729B8D60D00EA3747 /* Bell01.mp3 */ = {isa = PBXFileReference; lastKnownFileType = audio.mp3; path = Bell01.mp3; sourceTree = "<group>"; };
		CC6357D829B8D60D00EA3747 /* meta2_2.mp3 */ = {isa = PBXFileReference; lastKnownFileType = audio.mp3; path = meta2_2.mp3; sourceTree = "<group>"; };
		CC6357D929B8D60D00EA3747 /* meta2_1.mp3 */ = {isa = PBXFileReference; lastKnownFileType = audio.mp3; path = meta2_1.mp3; sourceTree = "<group>"; };
		CC6357DA29B8D60D00EA3747 /* meta2_11.mp3 */ = {isa = PBXFileReference; lastKnownFileType = audio.mp3; path = meta2_11.mp3; sourceTree = "<group>"; };
		CC6357DB29B8D60D00EA3747 /* Bass02.mp3 */ = {isa = PBXFileReference; lastKnownFileType = audio.mp3; path = Bass02.mp3; sourceTree = "<group>"; };
		CC6357DC29B8D60D00EA3747 /* egt1_01.mp3 */ = {isa = PBXFileReference; lastKnownFileType = audio.mp3; path = egt1_01.mp3; sourceTree = "<group>"; };
		CC6357DD29B8D60D00EA3747 /* Bass03.mp3 */ = {isa = PBXFileReference; lastKnownFileType = audio.mp3; path = Bass03.mp3; sourceTree = "<group>"; };
		CC6357DE29B8D60D00EA3747 /* egt3_11.mp3 */ = {isa = PBXFileReference; lastKnownFileType = audio.mp3; path = egt3_11.mp3; sourceTree = "<group>"; };
		CC6357DF29B8D60D00EA3747 /* meta2_12.mp3 */ = {isa = PBXFileReference; lastKnownFileType = audio.mp3; path = meta2_12.mp3; sourceTree = "<group>"; };
		CC6357E029B8D60D00EA3747 /* egt3_13.mp3 */ = {isa = PBXFileReference; lastKnownFileType = audio.mp3; path = egt3_13.mp3; sourceTree = "<group>"; };
		CC6357E129B8D60D00EA3747 /* Bass01.mp3 */ = {isa = PBXFileReference; lastKnownFileType = audio.mp3; path = Bass01.mp3; sourceTree = "<group>"; };
		CC6357E229B8D60D00EA3747 /* egt3_12.mp3 */ = {isa = PBXFileReference; lastKnownFileType = audio.mp3; path = egt3_12.mp3; sourceTree = "<group>"; };
		CC6357E329B8D60D00EA3747 /* meta2_13.mp3 */ = {isa = PBXFileReference; lastKnownFileType = audio.mp3; path = meta2_13.mp3; sourceTree = "<group>"; };
		CC63580829B8DBFC00EA3747 /* Bell02.mp3 */ = {isa = PBXFileReference; lastKnownFileType = audio.mp3; path = Bell02.mp3; sourceTree = "<group>"; };
		CC661C6A299CC4C100786AEB /* RootCell.swift */ = {isa = PBXFileReference; lastKnownFileType = sourcecode.swift; path = RootCell.swift; sourceTree = "<group>"; };
		CC661C6B299CC4C100786AEB /* RootCell.xib */ = {isa = PBXFileReference; lastKnownFileType = file.xib; path = RootCell.xib; sourceTree = "<group>"; };
		CC6B2D5529B0456000E37E23 /* MIDIShowController.swift */ = {isa = PBXFileReference; lastKnownFileType = sourcecode.swift; path = MIDIShowController.swift; sourceTree = "<group>"; };
		CC6B2D5629B0456000E37E23 /* MIDIShowController.xib */ = {isa = PBXFileReference; lastKnownFileType = file.xib; path = MIDIShowController.xib; sourceTree = "<group>"; };
		CC6B2D5A29B0748B00E37E23 /* Demo.mid */ = {isa = PBXFileReference; lastKnownFileType = audio.midi; path = Demo.mid; sourceTree = "<group>"; };
		CC6B2D5C29B0749400E37E23 /* sibeliusGMajor.mid */ = {isa = PBXFileReference; lastKnownFileType = audio.midi; path = sibeliusGMajor.mid; sourceTree = "<group>"; };
		CC74416829B9BA9E009FB5B8 /* AudioKitRecordController.swift */ = {isa = PBXFileReference; lastKnownFileType = sourcecode.swift; path = AudioKitRecordController.swift; sourceTree = "<group>"; };
		CC74416929B9BA9E009FB5B8 /* AudioKitRecordController.xib */ = {isa = PBXFileReference; lastKnownFileType = file.xib; path = AudioKitRecordController.xib; sourceTree = "<group>"; };
		CCA0E2C529ADD37B00FA5AF9 /* DealMIDIFileController.swift */ = {isa = PBXFileReference; lastKnownFileType = sourcecode.swift; path = DealMIDIFileController.swift; sourceTree = "<group>"; };
		CCA0E2C729ADD4D800FA5AF9 /* export.mid */ = {isa = PBXFileReference; lastKnownFileType = audio.midi; path = export.mid; sourceTree = "<group>"; };
		CCA3A3AC29B478F7009CA5C9 /* MIDIPlayController.swift */ = {isa = PBXFileReference; lastKnownFileType = sourcecode.swift; path = MIDIPlayController.swift; sourceTree = "<group>"; };
		CCA3A3AD29B478F7009CA5C9 /* MIDIPlayController.xib */ = {isa = PBXFileReference; lastKnownFileType = file.xib; path = MIDIPlayController.xib; sourceTree = "<group>"; };
		CCA3A3C029B485CD009CA5C9 /* MIDIPlayCell.swift */ = {isa = PBXFileReference; lastKnownFileType = sourcecode.swift; path = MIDIPlayCell.swift; sourceTree = "<group>"; };
		CCA3A3C129B485CD009CA5C9 /* MIDIPlayCell.xib */ = {isa = PBXFileReference; lastKnownFileType = file.xib; path = MIDIPlayCell.xib; sourceTree = "<group>"; };
		CCA3A3EB29B4912A009CA5C9 /* Sounds */ = {isa = PBXFileReference; lastKnownFileType = folder; path = Sounds; sourceTree = "<group>"; };
		CCA3A3ED29B4924E009CA5C9 /* SoundpipeAudioKit */ = {isa = PBXFileReference; lastKnownFileType = wrapper; name = SoundpipeAudioKit; path = ../AudioKitSource/SoundpipeAudioKit; sourceTree = "<group>"; };
		CCA3A3EF29B492D6009CA5C9 /* KissFFT */ = {isa = PBXFileReference; lastKnownFileType = wrapper; name = KissFFT; path = ../AudioKitSource/KissFFT; sourceTree = "<group>"; };
		CCA3A3F429B4931F009CA5C9 /* AudioKitUI */ = {isa = PBXFileReference; lastKnownFileType = wrapper; name = AudioKitUI; path = ../AudioKitSource/AudioKitUI; sourceTree = "<group>"; };
		CCA3A3F729B4935F009CA5C9 /* AudioKitEX */ = {isa = PBXFileReference; lastKnownFileType = wrapper; name = AudioKitEX; path = ../AudioKitSource/AudioKitEX; sourceTree = "<group>"; };
		CCA8A6F029A767310086D1D2 /* Standard.sf2 */ = {isa = PBXFileReference; lastKnownFileType = file; path = Standard.sf2; sourceTree = "<group>"; };
		CCA8A6F129A767310086D1D2 /* Organ.sf2 */ = {isa = PBXFileReference; lastKnownFileType = file; path = Organ.sf2; sourceTree = "<group>"; };
		CCA8A6F229A767310086D1D2 /* Whistle.sf2 */ = {isa = PBXFileReference; lastKnownFileType = file; path = Whistle.sf2; sourceTree = "<group>"; };
		CCA8A6F329A767310086D1D2 /* Piano.sf2 */ = {isa = PBXFileReference; lastKnownFileType = file; path = Piano.sf2; sourceTree = "<group>"; };
		CCA8A6F429A767310086D1D2 /* Acoustic Bass.sf2 */ = {isa = PBXFileReference; lastKnownFileType = file; path = "Acoustic Bass.sf2"; sourceTree = "<group>"; };
		CCA8A6F529A767310086D1D2 /* Brass.sf2 */ = {isa = PBXFileReference; lastKnownFileType = file; path = Brass.sf2; sourceTree = "<group>"; };
		CCA8A6F629A767310086D1D2 /* Violin.sf2 */ = {isa = PBXFileReference; lastKnownFileType = file; path = Violin.sf2; sourceTree = "<group>"; };
		CCA8A6F729A767310086D1D2 /* Accordion.sf2 */ = {isa = PBXFileReference; lastKnownFileType = file; path = Accordion.sf2; sourceTree = "<group>"; };
		CCA8A6F829A767310086D1D2 /* Ocarina.sf2 */ = {isa = PBXFileReference; lastKnownFileType = file; path = Ocarina.sf2; sourceTree = "<group>"; };
		CCA8A6F929A767310086D1D2 /* Celesta.sf2 */ = {isa = PBXFileReference; lastKnownFileType = file; path = Celesta.sf2; sourceTree = "<group>"; };
		CCA8A6FA29A767310086D1D2 /* Music Box.sf2 */ = {isa = PBXFileReference; lastKnownFileType = file; path = "Music Box.sf2"; sourceTree = "<group>"; };
		CCA8A6FB29A767310086D1D2 /* Tubular Bells.sf2 */ = {isa = PBXFileReference; lastKnownFileType = file; path = "Tubular Bells.sf2"; sourceTree = "<group>"; };
		CCA8A6FC29A767310086D1D2 /* Nylon Guitar.sf2 */ = {isa = PBXFileReference; lastKnownFileType = file; path = "Nylon Guitar.sf2"; sourceTree = "<group>"; };
		CCA8A6FD29A767310086D1D2 /* Choir Aahs.sf2 */ = {isa = PBXFileReference; lastKnownFileType = file; path = "Choir Aahs.sf2"; sourceTree = "<group>"; };
		CCA8A6FE29A767310086D1D2 /* Harp.sf2 */ = {isa = PBXFileReference; lastKnownFileType = file; path = Harp.sf2; sourceTree = "<group>"; };
		CCA8A6FF29A767310086D1D2 /* Tremolo Strings.sf2 */ = {isa = PBXFileReference; lastKnownFileType = file; path = "Tremolo Strings.sf2"; sourceTree = "<group>"; };
		CCA8A70029A767310086D1D2 /* Clavinet.sf2 */ = {isa = PBXFileReference; lastKnownFileType = file; path = Clavinet.sf2; sourceTree = "<group>"; };
		CCAF6A6929B609DF00755FDF /* Bell Bottom Bass.caf */ = {isa = PBXFileReference; lastKnownFileType = file; path = "Bell Bottom Bass.caf"; sourceTree = "<group>"; };
		CCAF6A6A29B609DF00755FDF /* Bell Bottom Guitar.caf */ = {isa = PBXFileReference; lastKnownFileType = file; path = "Bell Bottom Guitar.caf"; sourceTree = "<group>"; };
		CCAF6A6D29B60A8600755FDF /* Beat.caf */ = {isa = PBXFileReference; lastKnownFileType = file; path = Beat.caf; sourceTree = "<group>"; };
		CCAF6A6F29B60DF000755FDF /* Kyle - Chorus.caf */ = {isa = PBXFileReference; lastKnownFileType = file; path = "Kyle - Chorus.caf"; sourceTree = "<group>"; };
		CCAF6A7129B61AD400755FDF /* basic_pitch.mid */ = {isa = PBXFileReference; lastKnownFileType = audio.midi; path = basic_pitch.mid; sourceTree = "<group>"; };
		CCAF6A7329B6206200755FDF /* Electric Piano.caf */ = {isa = PBXFileReference; lastKnownFileType = file; path = "Electric Piano.caf"; sourceTree = "<group>"; };
		CCC66C8429B859EF00343997 /* Tenor_Sax.sf2 */ = {isa = PBXFileReference; lastKnownFileType = file; path = Tenor_Sax.sf2; sourceTree = "<group>"; };
		CCC66C8629B85A9700343997 /* Guzheng.sf2 */ = {isa = PBXFileReference; lastKnownFileType = file; path = Guzheng.sf2; sourceTree = "<group>"; };
		CCC66C8729B85A9700343997 /* Pipa.sf2 */ = {isa = PBXFileReference; lastKnownFileType = file; path = Pipa.sf2; sourceTree = "<group>"; };
		CCC66C8A29B85B6300343997 /* BangDi.sf2 */ = {isa = PBXFileReference; lastKnownFileType = file; path = BangDi.sf2; sourceTree = "<group>"; };
		CCC66C8C29B85DA700343997 /* Flute.sf2 */ = {isa = PBXFileReference; lastKnownFileType = file; path = Flute.sf2; sourceTree = "<group>"; };
		CCC66C9629B86AA600343997 /* QingHuaCi1.mp3 */ = {isa = PBXFileReference; lastKnownFileType = audio.mp3; path = QingHuaCi1.mp3; sourceTree = "<group>"; };
		CCC66C9829B86C9000343997 /* 青花瓷-段落1-女声.mp3 */ = {isa = PBXFileReference; lastKnownFileType = audio.mp3; path = "青花瓷-段落1-女声.mp3"; sourceTree = "<group>"; };
		CCC66C9929B86C9000343997 /* 青花瓷-段落1-小提琴.mp3 */ = {isa = PBXFileReference; lastKnownFileType = audio.mp3; path = "青花瓷-段落1-小提琴.mp3"; sourceTree = "<group>"; };
		CCC66C9A29B86C9000343997 /* 青花瓷-段落1-吉他.mp3 */ = {isa = PBXFileReference; lastKnownFileType = audio.mp3; path = "青花瓷-段落1-吉他.mp3"; sourceTree = "<group>"; };
		CCC66C9B29B86C9000343997 /* 青花瓷-段落1-马林巴琴.mp3 */ = {isa = PBXFileReference; lastKnownFileType = audio.mp3; path = "青花瓷-段落1-马林巴琴.mp3"; sourceTree = "<group>"; };
		CCC66C9C29B86C9100343997 /* 青花瓷-段落1-长笛.mp3 */ = {isa = PBXFileReference; lastKnownFileType = audio.mp3; path = "青花瓷-段落1-长笛.mp3"; sourceTree = "<group>"; };
		CCC66CA229B8744C00343997 /* 青花瓷-段落2-钢琴.mp3 */ = {isa = PBXFileReference; lastKnownFileType = audio.mp3; path = "青花瓷-段落2-钢琴.mp3"; sourceTree = "<group>"; };
		CCC66CA329B8744C00343997 /* 青花瓷-段落2-吉他.mp3 */ = {isa = PBXFileReference; lastKnownFileType = audio.mp3; path = "青花瓷-段落2-吉他.mp3"; sourceTree = "<group>"; };
		CCC66CA429B8744C00343997 /* 青花瓷-段落2-小提琴.mp3 */ = {isa = PBXFileReference; lastKnownFileType = audio.mp3; path = "青花瓷-段落2-小提琴.mp3"; sourceTree = "<group>"; };
		CCC66CA529B8744C00343997 /* 青花瓷-段落2-长笛.mp3 */ = {isa = PBXFileReference; lastKnownFileType = audio.mp3; path = "青花瓷-段落2-长笛.mp3"; sourceTree = "<group>"; };
		CCC66CA629B8744C00343997 /* 青花瓷-段落2-马林巴琴.mp3 */ = {isa = PBXFileReference; lastKnownFileType = audio.mp3; path = "青花瓷-段落2-马林巴琴.mp3"; sourceTree = "<group>"; };
		CCC9F41E29A31219006CC4F0 /* Bassoon.sf2 */ = {isa = PBXFileReference; lastKnownFileType = file; path = Bassoon.sf2; sourceTree = "<group>"; };
		CCC9F42029A31225006CC4F0 /* Clarinet.sf2 */ = {isa = PBXFileReference; lastKnownFileType = file; path = Clarinet.sf2; sourceTree = "<group>"; };
		CCC9F42229A31235006CC4F0 /* Guitar Harmonics.sf2 */ = {isa = PBXFileReference; lastKnownFileType = file; path = "Guitar Harmonics.sf2"; sourceTree = "<group>"; };
		CCC9F42429A31243006CC4F0 /* MT-32 Drum Kit.sf2 */ = {isa = PBXFileReference; lastKnownFileType = file; path = "MT-32 Drum Kit.sf2"; sourceTree = "<group>"; };
		CCC9F42629A31251006CC4F0 /* Rock Piano.sf2 */ = {isa = PBXFileReference; lastKnownFileType = file; path = "Rock Piano.sf2"; sourceTree = "<group>"; };
		CCC9F42A29A31280006CC4F0 /* Shannai.sf2 */ = {isa = PBXFileReference; lastKnownFileType = file; path = Shannai.sf2; sourceTree = "<group>"; };
		CCC9F44529A4D3C3006CC4F0 /* GeneralUser GS MuseScore v1.442.sf2 */ = {isa = PBXFileReference; lastKnownFileType = file; path = "GeneralUser GS MuseScore v1.442.sf2"; sourceTree = "<group>"; };
		CCD9C1E129B1D56800E5E8A8 /* ShakeDemoController.swift */ = {isa = PBXFileReference; fileEncoding = 4; lastKnownFileType = sourcecode.swift; path = ShakeDemoController.swift; sourceTree = "<group>"; };
		CCD9C1E229B1D56800E5E8A8 /* ShakeDemoController.xib */ = {isa = PBXFileReference; fileEncoding = 4; lastKnownFileType = file.xib; path = ShakeDemoController.xib; sourceTree = "<group>"; };
		CCD9C1E629B1D57E00E5E8A8 /* ShakeModel.swift */ = {isa = PBXFileReference; fileEncoding = 4; lastKnownFileType = sourcecode.swift; path = ShakeModel.swift; sourceTree = "<group>"; };
		CCD9C1E829B1D57E00E5E8A8 /* ShakeInfoCell.xib */ = {isa = PBXFileReference; fileEncoding = 4; lastKnownFileType = file.xib; path = ShakeInfoCell.xib; sourceTree = "<group>"; };
		CCD9C1E929B1D57E00E5E8A8 /* ShakeInfoCell.swift */ = {isa = PBXFileReference; fileEncoding = 4; lastKnownFileType = sourcecode.swift; path = ShakeInfoCell.swift; sourceTree = "<group>"; };
		CCD9C1EA29B1D57E00E5E8A8 /* ShakeTopCell.swift */ = {isa = PBXFileReference; fileEncoding = 4; lastKnownFileType = sourcecode.swift; path = ShakeTopCell.swift; sourceTree = "<group>"; };
		CCD9C1EB29B1D57E00E5E8A8 /* ShakeTopCell.xib */ = {isa = PBXFileReference; fileEncoding = 4; lastKnownFileType = file.xib; path = ShakeTopCell.xib; sourceTree = "<group>"; };
		CCD9C1F229B1D59600E5E8A8 /* Against Time Sax Sample.caf */ = {isa = PBXFileReference; lastKnownFileType = file; path = "Against Time Sax Sample.caf"; sourceTree = "<group>"; };
		CCD9C1F329B1D59600E5E8A8 /* Against Time Piano.caf */ = {isa = PBXFileReference; lastKnownFileType = file; path = "Against Time Piano.caf"; sourceTree = "<group>"; };
		CCD9C1F429B1D59600E5E8A8 /* Against Time Staccato Strings.caf */ = {isa = PBXFileReference; lastKnownFileType = file; path = "Against Time Staccato Strings.caf"; sourceTree = "<group>"; };
		CCD9C1F529B1D59600E5E8A8 /* Against Time Keys.caf */ = {isa = PBXFileReference; lastKnownFileType = file; path = "Against Time Keys.caf"; sourceTree = "<group>"; };
		CCD9C1F629B1D59600E5E8A8 /* Altered State Beat 01.caf */ = {isa = PBXFileReference; lastKnownFileType = file; path = "Altered State Beat 01.caf"; sourceTree = "<group>"; };
		CCD9C1F729B1D59600E5E8A8 /* Amber Beat 01.caf */ = {isa = PBXFileReference; lastKnownFileType = file; path = "Amber Beat 01.caf"; sourceTree = "<group>"; };
		CCD9C1FE29B1D60A00E5E8A8 /* ExampleSegment.swift */ = {isa = PBXFileReference; lastKnownFileType = sourcecode.swift; path = ExampleSegment.swift; sourceTree = "<group>"; };
		CCDBC1E82993A0320032A1BD /* RootController.swift */ = {isa = PBXFileReference; fileEncoding = 4; lastKnownFileType = sourcecode.swift; path = RootController.swift; sourceTree = "<group>"; };
		CCDBC1E92993A0320032A1BD /* RecordController.xib */ = {isa = PBXFileReference; fileEncoding = 4; lastKnownFileType = file.xib; path = RecordController.xib; sourceTree = "<group>"; };
		CCDBC1EA2993A0320032A1BD /* RecordController.swift */ = {isa = PBXFileReference; fileEncoding = 4; lastKnownFileType = sourcecode.swift; path = RecordController.swift; sourceTree = "<group>"; };
		CCDBC1EB2993A0320032A1BD /* RootController.xib */ = {isa = PBXFileReference; fileEncoding = 4; lastKnownFileType = file.xib; path = RootController.xib; sourceTree = "<group>"; };
		CCDE57A929B70C1700FF3610 /* Kyle.mp3 */ = {isa = PBXFileReference; lastKnownFileType = audio.mp3; path = Kyle.mp3; sourceTree = "<group>"; };
		CCDE57AB29B70C3000FF3610 /* CoolBass.mp3 */ = {isa = PBXFileReference; lastKnownFileType = audio.mp3; path = CoolBass.mp3; sourceTree = "<group>"; };
		CCDE57AD29B70C5100FF3610 /* Prismatica.mp3 */ = {isa = PBXFileReference; lastKnownFileType = audio.mp3; path = Prismatica.mp3; sourceTree = "<group>"; };
		CCDE57AF29B70C7300FF3610 /* Quincy.mp3 */ = {isa = PBXFileReference; lastKnownFileType = audio.mp3; path = Quincy.mp3; sourceTree = "<group>"; };
		CCDE57B129B70C9400FF3610 /* Rose.mp3 */ = {isa = PBXFileReference; lastKnownFileType = audio.mp3; path = Rose.mp3; sourceTree = "<group>"; };
		CCDE57B329B7117A00FF3610 /* MusicPlayController.swift */ = {isa = PBXFileReference; lastKnownFileType = sourcecode.swift; path = MusicPlayController.swift; sourceTree = "<group>"; };
		CCDE57B429B7117A00FF3610 /* MusicPlayController.xib */ = {isa = PBXFileReference; lastKnownFileType = file.xib; path = MusicPlayController.xib; sourceTree = "<group>"; };
		CCDE57B729B7157D00FF3610 /* MusicModel.swift */ = {isa = PBXFileReference; lastKnownFileType = sourcecode.swift; path = MusicModel.swift; sourceTree = "<group>"; };
		CCDE57B929B71C1800FF3610 /* Guitar.mp3 */ = {isa = PBXFileReference; lastKnownFileType = audio.mp3; path = Guitar.mp3; sourceTree = "<group>"; };
		CCDE57BB29B72D4A00FF3610 /* Keyboard */ = {isa = PBXFileReference; lastKnownFileType = wrapper; name = Keyboard; path = ../AudioKitSource/Keyboard; sourceTree = "<group>"; };
		CCDE57BC29B72D8F00FF3610 /* AudioSampler.swift */ = {isa = PBXFileReference; lastKnownFileType = sourcecode.swift; path = AudioSampler.swift; sourceTree = "<group>"; };
		CCDE57C029B744C300FF3610 /* 4tracks.mid */ = {isa = PBXFileReference; lastKnownFileType = audio.midi; path = 4tracks.mid; sourceTree = "<group>"; };
		CCDE57C229B7488A00FF3610 /* Single.mid */ = {isa = PBXFileReference; lastKnownFileType = audio.midi; path = Single.mid; sourceTree = "<group>"; };
		CCDE57C429B7782000FF3610 /* QingHuaCi.mid */ = {isa = PBXFileReference; lastKnownFileType = audio.midi; path = QingHuaCi.mid; sourceTree = "<group>"; };
		CCDE57CE29B78EF400FF3610 /* tool.mp3 */ = {isa = PBXFileReference; lastKnownFileType = audio.mp3; path = tool.mp3; sourceTree = "<group>"; };
		CCE9586F29A5B315007D2B62 /* NetworkManager.swift */ = {isa = PBXFileReference; lastKnownFileType = sourcecode.swift; path = NetworkManager.swift; sourceTree = "<group>"; };
		CCE9587129A5BFE7007D2B62 /* Const.swift */ = {isa = PBXFileReference; lastKnownFileType = sourcecode.swift; path = Const.swift; sourceTree = "<group>"; };
		CCE9589429A5EA88007D2B62 /* Toast.swift */ = {isa = PBXFileReference; lastKnownFileType = sourcecode.swift; path = Toast.swift; sourceTree = "<group>"; };
		CCE9589629A5EAF5007D2B62 /* Music-Bridging-Header.h */ = {isa = PBXFileReference; lastKnownFileType = sourcecode.c.h; path = "Music-Bridging-Header.h"; sourceTree = "<group>"; };
		CCE9589729A5EAF5007D2B62 /* Bridge.h */ = {isa = PBXFileReference; lastKnownFileType = sourcecode.c.h; path = Bridge.h; sourceTree = "<group>"; };
		CCE9589829A5EAF5007D2B62 /* Bridge.m */ = {isa = PBXFileReference; lastKnownFileType = sourcecode.c.objc; path = Bridge.m; sourceTree = "<group>"; };
		CCE9589A29A5EB6D007D2B62 /* CommonSetting.swift */ = {isa = PBXFileReference; fileEncoding = 4; lastKnownFileType = sourcecode.swift; path = CommonSetting.swift; sourceTree = "<group>"; };
		CCE9589F29A5EFEB007D2B62 /* RecordMIDIController.swift */ = {isa = PBXFileReference; lastKnownFileType = sourcecode.swift; path = RecordMIDIController.swift; sourceTree = "<group>"; };
		CCE958A029A5EFEB007D2B62 /* RecordMIDIController.xib */ = {isa = PBXFileReference; lastKnownFileType = file.xib; path = RecordMIDIController.xib; sourceTree = "<group>"; };
		CCE958AB29A61006007D2B62 /* TrackView.swift */ = {isa = PBXFileReference; fileEncoding = 4; lastKnownFileType = sourcecode.swift; path = TrackView.swift; sourceTree = "<group>"; };
		CCE958AF29A62F4E007D2B62 /* Electric_Piano.sf2 */ = {isa = PBXFileReference; lastKnownFileType = file; path = Electric_Piano.sf2; sourceTree = "<group>"; };
		CCE958B029A62F4E007D2B62 /* Grand_Piano.sf2 */ = {isa = PBXFileReference; lastKnownFileType = file; path = Grand_Piano.sf2; sourceTree = "<group>"; };
		CCF9AF1C29939DDE00AA61F6 /* Music.app */ = {isa = PBXFileReference; explicitFileType = wrapper.application; includeInIndex = 0; path = Music.app; sourceTree = BUILT_PRODUCTS_DIR; };
		CCF9AF1F29939DDE00AA61F6 /* AppDelegate.swift */ = {isa = PBXFileReference; lastKnownFileType = sourcecode.swift; path = AppDelegate.swift; sourceTree = "<group>"; };
		CCF9AF2129939DDE00AA61F6 /* SceneDelegate.swift */ = {isa = PBXFileReference; lastKnownFileType = sourcecode.swift; path = SceneDelegate.swift; sourceTree = "<group>"; };
		CCF9AF2829939DDE00AA61F6 /* Assets.xcassets */ = {isa = PBXFileReference; lastKnownFileType = folder.assetcatalog; path = Assets.xcassets; sourceTree = "<group>"; };
		CCF9AF2B29939DDE00AA61F6 /* Base */ = {isa = PBXFileReference; lastKnownFileType = file.storyboard; name = Base; path = Base.lproj/LaunchScreen.storyboard; sourceTree = "<group>"; };
		CCF9AF2D29939DDE00AA61F6 /* Info.plist */ = {isa = PBXFileReference; lastKnownFileType = text.plist.xml; path = Info.plist; sourceTree = "<group>"; };
		E42B9B634D26F9890ABDC40C /* Pods_Music.framework */ = {isa = PBXFileReference; explicitFileType = wrapper.framework; includeInIndex = 0; path = Pods_Music.framework; sourceTree = BUILT_PRODUCTS_DIR; };
/* End PBXFileReference section */

/* Begin PBXFrameworksBuildPhase section */
		CCF9AF1929939DDE00AA61F6 /* Frameworks */ = {
			isa = PBXFrameworksBuildPhase;
			buildActionMask = 2147483647;
			files = (
				CC6B80A5299639C300371B0E /* AudioKit in Frameworks */,
				CCA3A3F629B49329009CA5C9 /* AudioKitUI in Frameworks */,
				CCA3A3F329B492FE009CA5C9 /* KissFFT in Frameworks */,
				CCA3A3F929B49368009CA5C9 /* AudioKitEX in Frameworks */,
				CCA3A3F129B492F0009CA5C9 /* SoundpipeAudioKit in Frameworks */,
				CCDE57BF29B72DF400FF3610 /* Keyboard in Frameworks */,
				05CADABDC1890DD2DB24C630 /* Pods_Music.framework in Frameworks */,
			);
			runOnlyForDeploymentPostprocessing = 0;
		};
/* End PBXFrameworksBuildPhase section */

/* Begin PBXGroup section */
		5931F5C57BBD9FE868328FAF /* Pods */ = {
			isa = PBXGroup;
			children = (
				A525181CB975EE9C93165524 /* Pods-Music.debug.xcconfig */,
				BEB5A15800A3E6336A9E273C /* Pods-Music.release.xcconfig */,
			);
			path = Pods;
			sourceTree = "<group>";
		};
		C70995320B95463FA18772E9 /* Frameworks */ = {
			isa = PBXGroup;
			children = (
				E42B9B634D26F9890ABDC40C /* Pods_Music.framework */,
			);
			name = Frameworks;
			sourceTree = "<group>";
		};
		CC63576829B8AF0400EA3747 /* Sample */ = {
			isa = PBXGroup;
			children = (
				CC63576929B8AF0400EA3747 /* sand-1.wav */,
				CC63576A29B8AF0400EA3747 /* sand-2.wav */,
				CC63576B29B8AF0400EA3747 /* sand-3.wav */,
				CC63576C29B8AF0400EA3747 /* sand-7.wav */,
				CC63576D29B8AF0400EA3747 /* sand-6.wav */,
				CC63576E29B8AF0400EA3747 /* sand-4.wav */,
				CC63576F29B8AF0400EA3747 /* sand-5.wav */,
				CC63577129B8AF0400EA3747 /* stage-3.wav */,
				CC63577229B8AF0400EA3747 /* stage-2.wav */,
				CC63577329B8AF0400EA3747 /* stage-1.wav */,
				CC63577429B8AF0400EA3747 /* stage-5.wav */,
				CC63577529B8AF0400EA3747 /* stage-4.wav */,
				CC63577629B8AF0400EA3747 /* stage-6.wav */,
				CC63577729B8AF0400EA3747 /* stage-7.wav */,
				CC63577829B8AF0400EA3747 /* stage-8.wav */,
				CC63577929B8AF0400EA3747 /* sand-8.wav */,
			);
			path = Sample;
			sourceTree = "<group>";
		};
		CC63578B29B8B6F500EA3747 /* shaker */ = {
			isa = PBXGroup;
			children = (
				CC63578C29B8B6F500EA3747 /* m1.mp3 */,
				CC63578D29B8B6F500EA3747 /* m2.mp3 */,
				CC63579029B8B7F500EA3747 /* m3.mp3 */,
				CC63579229B8BB9300EA3747 /* m4.mp3 */,
				CC63579429B8BCB200EA3747 /* m5.mp3 */,
				CC63579529B8BCB200EA3747 /* m6.mp3 */,
				CC63579629B8BCB200EA3747 /* m7.mp3 */,
			);
			path = shaker;
			sourceTree = "<group>";
		};
		CC6357BF29B8D60D00EA3747 /* 新建 */ = {
			isa = PBXGroup;
			children = (
				CC6357E129B8D60D00EA3747 /* Bass01.mp3 */,
				CC6357DB29B8D60D00EA3747 /* Bass02.mp3 */,
				CC6357DD29B8D60D00EA3747 /* Bass03.mp3 */,
				CC6357D629B8D60D00EA3747 /* Bass04.mp3 */,
				CC6357D729B8D60D00EA3747 /* Bell01.mp3 */,
				CC63580829B8DBFC00EA3747 /* Bell02.mp3 */,
				CC6357C129B8D60D00EA3747 /* e_piano_1_01.mp3 */,
				CC6357C329B8D60D00EA3747 /* e_piano_1_02.mp3 */,
				CC6357C429B8D60D00EA3747 /* e_piano_1_03.mp3 */,
				CC6357DC29B8D60D00EA3747 /* egt1_01.mp3 */,
				CC6357DE29B8D60D00EA3747 /* egt3_11.mp3 */,
				CC6357E229B8D60D00EA3747 /* egt3_12.mp3 */,
				CC6357E029B8D60D00EA3747 /* egt3_13.mp3 */,
				CC6357C529B8D60D00EA3747 /* egt3_21.mp3 */,
				CC6357C229B8D60D00EA3747 /* egt3_22.mp3 */,
				CC6357C029B8D60D00EA3747 /* egt3_23.mp3 */,
				CC6357D929B8D60D00EA3747 /* meta2_1.mp3 */,
				CC6357D829B8D60D00EA3747 /* meta2_2.mp3 */,
				CC6357D529B8D60D00EA3747 /* meta2_3.mp3 */,
				CC6357DA29B8D60D00EA3747 /* meta2_11.mp3 */,
				CC6357DF29B8D60D00EA3747 /* meta2_12.mp3 */,
				CC6357E329B8D60D00EA3747 /* meta2_13.mp3 */,
				CC6357D129B8D60D00EA3747 /* piano_11.mp3 */,
				CC6357CD29B8D60D00EA3747 /* piano_12.mp3 */,
				CC6357CE29B8D60D00EA3747 /* piano_13.mp3 */,
				CC6357C629B8D60D00EA3747 /* piano_14.mp3 */,
				CC6357C829B8D60D00EA3747 /* piano_15.mp3 */,
				CC6357CC29B8D60D00EA3747 /* piano_16.mp3 */,
				CC6357C929B8D60D00EA3747 /* piano_17.mp3 */,
				CC6357D329B8D60D00EA3747 /* piano_18.mp3 */,
				CC6357D429B8D60D00EA3747 /* piano_19.mp3 */,
				CC6357D229B8D60D00EA3747 /* piano_20.mp3 */,
				CC6357D029B8D60D00EA3747 /* violin_1.mp3 */,
				CC6357CF29B8D60D00EA3747 /* violin_3.mp3 */,
				CC6357C729B8D60D00EA3747 /* violin_21.mp3 */,
				CC6357CB29B8D60D00EA3747 /* violin_22.mp3 */,
				CC6357CA29B8D60D00EA3747 /* violin_23.mp3 */,
			);
			path = "新建";
			sourceTree = "<group>";
		};
		CC661C66299CC3BA00786AEB /* Root */ = {
			isa = PBXGroup;
			children = (
				CCDBC1E82993A0320032A1BD /* RootController.swift */,
				CCDBC1EB2993A0320032A1BD /* RootController.xib */,
				CC661C6A299CC4C100786AEB /* RootCell.swift */,
				CC661C6B299CC4C100786AEB /* RootCell.xib */,
			);
			path = Root;
			sourceTree = "<group>";
		};
		CC661C67299CC3CD00786AEB /* Record */ = {
			isa = PBXGroup;
			children = (
				CCDBC1EA2993A0320032A1BD /* RecordController.swift */,
				CCDBC1E92993A0320032A1BD /* RecordController.xib */,
				CCE9589F29A5EFEB007D2B62 /* RecordMIDIController.swift */,
				CCE958A029A5EFEB007D2B62 /* RecordMIDIController.xib */,
				CC74416829B9BA9E009FB5B8 /* AudioKitRecordController.swift */,
				CC74416929B9BA9E009FB5B8 /* AudioKitRecordController.xib */,
			);
			path = Record;
			sourceTree = "<group>";
		};
		CC661C95299F4CC200786AEB /* SFFile */ = {
			isa = PBXGroup;
			children = (
				CCC9F44529A4D3C3006CC4F0 /* GeneralUser GS MuseScore v1.442.sf2 */,
				CCE958AF29A62F4E007D2B62 /* Electric_Piano.sf2 */,
				CCE958B029A62F4E007D2B62 /* Grand_Piano.sf2 */,
				CCC9F41E29A31219006CC4F0 /* Bassoon.sf2 */,
				CCC66C8A29B85B6300343997 /* BangDi.sf2 */,
				CCC66C8C29B85DA700343997 /* Flute.sf2 */,
				CCC9F42029A31225006CC4F0 /* Clarinet.sf2 */,
				CCC66C8629B85A9700343997 /* Guzheng.sf2 */,
				CCC66C8729B85A9700343997 /* Pipa.sf2 */,
				CCC9F42229A31235006CC4F0 /* Guitar Harmonics.sf2 */,
				CCC66C8429B859EF00343997 /* Tenor_Sax.sf2 */,
				CCC9F42429A31243006CC4F0 /* MT-32 Drum Kit.sf2 */,
				CCC9F42A29A31280006CC4F0 /* Shannai.sf2 */,
				CCC9F42629A31251006CC4F0 /* Rock Piano.sf2 */,
			);
			path = SFFile;
			sourceTree = "<group>";
		};
		CC6B2D5929B0744F00E37E23 /* midiFile */ = {
			isa = PBXGroup;
			children = (
				CCDE57C429B7782000FF3610 /* QingHuaCi.mid */,
				CCDE57C029B744C300FF3610 /* 4tracks.mid */,
				CCDE57C229B7488A00FF3610 /* Single.mid */,
				CCAF6A7129B61AD400755FDF /* basic_pitch.mid */,
				CC06DFCC29AF303D0051D7C8 /* export_clear.mid */,
				CC185FEE29AC786A005EDF3B /* ntbldmtn.mid */,
				CC6B2D5C29B0749400E37E23 /* sibeliusGMajor.mid */,
				CC6B2D5A29B0748B00E37E23 /* Demo.mid */,
				CCA0E2C729ADD4D800FA5AF9 /* export.mid */,
			);
			path = midiFile;
			sourceTree = "<group>";
		};
		CCA0E2C429ADD33100FA5AF9 /* MIDI */ = {
			isa = PBXGroup;
			children = (
				CCA3A3BF29B485B0009CA5C9 /* Cell */,
				CCA0E2C529ADD37B00FA5AF9 /* DealMIDIFileController.swift */,
				CC6B2D5529B0456000E37E23 /* MIDIShowController.swift */,
				CC6B2D5629B0456000E37E23 /* MIDIShowController.xib */,
				CCA3A3AC29B478F7009CA5C9 /* MIDIPlayController.swift */,
				CCA3A3AD29B478F7009CA5C9 /* MIDIPlayController.xib */,
			);
			path = MIDI;
			sourceTree = "<group>";
		};
		CCA3A3BF29B485B0009CA5C9 /* Cell */ = {
			isa = PBXGroup;
			children = (
				CCA3A3C029B485CD009CA5C9 /* MIDIPlayCell.swift */,
				CCA3A3C129B485CD009CA5C9 /* MIDIPlayCell.xib */,
			);
			path = Cell;
			sourceTree = "<group>";
		};
		CCA8A6EF29A767310086D1D2 /* sound */ = {
			isa = PBXGroup;
			children = (
				CCA8A6F029A767310086D1D2 /* Standard.sf2 */,
				CCA8A6F129A767310086D1D2 /* Organ.sf2 */,
				CCA8A6F229A767310086D1D2 /* Whistle.sf2 */,
				CCA8A6F329A767310086D1D2 /* Piano.sf2 */,
				CCA8A6F429A767310086D1D2 /* Acoustic Bass.sf2 */,
				CCA8A6F529A767310086D1D2 /* Brass.sf2 */,
				CCA8A6F629A767310086D1D2 /* Violin.sf2 */,
				CCA8A6F729A767310086D1D2 /* Accordion.sf2 */,
				CCA8A6F829A767310086D1D2 /* Ocarina.sf2 */,
				CCA8A6F929A767310086D1D2 /* Celesta.sf2 */,
				CCA8A6FA29A767310086D1D2 /* Music Box.sf2 */,
				CCA8A6FB29A767310086D1D2 /* Tubular Bells.sf2 */,
				CCA8A6FC29A767310086D1D2 /* Nylon Guitar.sf2 */,
				CCA8A6FD29A767310086D1D2 /* Choir Aahs.sf2 */,
				CCA8A6FE29A767310086D1D2 /* Harp.sf2 */,
				CCA8A6FF29A767310086D1D2 /* Tremolo Strings.sf2 */,
				CCA8A70029A767310086D1D2 /* Clavinet.sf2 */,
			);
			path = sound;
			sourceTree = "<group>";
		};
		CCD9C1E029B1D54A00E5E8A8 /* Music */ = {
			isa = PBXGroup;
			children = (
				CC6357BF29B8D60D00EA3747 /* 新建 */,
				CC63578B29B8B6F500EA3747 /* shaker */,
				CCDE579E29B6E67700FF3610 /* kuyuedui */,
				CCD9C1F129B1D59600E5E8A8 /* 7s */,
				CCD9C1E729B1D57E00E5E8A8 /* Cell */,
				CCD9C1E529B1D57E00E5E8A8 /* Model */,
				CC63576829B8AF0400EA3747 /* Sample */,
				CCD9C1E129B1D56800E5E8A8 /* ShakeDemoController.swift */,
				CCD9C1E229B1D56800E5E8A8 /* ShakeDemoController.xib */,
				CCDE57B329B7117A00FF3610 /* MusicPlayController.swift */,
				CCDE57B429B7117A00FF3610 /* MusicPlayController.xib */,
			);
			path = Music;
			sourceTree = "<group>";
		};
		CCD9C1E529B1D57E00E5E8A8 /* Model */ = {
			isa = PBXGroup;
			children = (
				CCD9C1E629B1D57E00E5E8A8 /* ShakeModel.swift */,
				CCD9C1FE29B1D60A00E5E8A8 /* ExampleSegment.swift */,
				CCDE57B729B7157D00FF3610 /* MusicModel.swift */,
			);
			path = Model;
			sourceTree = "<group>";
		};
		CCD9C1E729B1D57E00E5E8A8 /* Cell */ = {
			isa = PBXGroup;
			children = (
				CCD9C1E929B1D57E00E5E8A8 /* ShakeInfoCell.swift */,
				CCD9C1E829B1D57E00E5E8A8 /* ShakeInfoCell.xib */,
				CCD9C1EA29B1D57E00E5E8A8 /* ShakeTopCell.swift */,
				CCD9C1EB29B1D57E00E5E8A8 /* ShakeTopCell.xib */,
			);
			path = Cell;
			sourceTree = "<group>";
		};
		CCD9C1F129B1D59600E5E8A8 /* 7s */ = {
			isa = PBXGroup;
			children = (
				CCC66CA229B8744C00343997 /* 青花瓷-段落2-钢琴.mp3 */,
				CCC66CA329B8744C00343997 /* 青花瓷-段落2-吉他.mp3 */,
				CCC66CA629B8744C00343997 /* 青花瓷-段落2-马林巴琴.mp3 */,
				CCC66CA429B8744C00343997 /* 青花瓷-段落2-小提琴.mp3 */,
				CCC66CA529B8744C00343997 /* 青花瓷-段落2-长笛.mp3 */,
				CCC66C9A29B86C9000343997 /* 青花瓷-段落1-吉他.mp3 */,
				CCC66C9B29B86C9000343997 /* 青花瓷-段落1-马林巴琴.mp3 */,
				CCC66C9829B86C9000343997 /* 青花瓷-段落1-女声.mp3 */,
				CCC66C9929B86C9000343997 /* 青花瓷-段落1-小提琴.mp3 */,
				CCC66C9C29B86C9100343997 /* 青花瓷-段落1-长笛.mp3 */,
				CCC66C9629B86AA600343997 /* QingHuaCi1.mp3 */,
				CC59AF1429B63BFA0082E5DB /* Quincy - Coast To Coast.caf */,
				CC59AF1229B63BF20082E5DB /* Prismatica Beat 03.caf */,
				CCAF6A6F29B60DF000755FDF /* Kyle - Chorus.caf */,
				CCAF6A7329B6206200755FDF /* Electric Piano.caf */,
				CCAF6A6D29B60A8600755FDF /* Beat.caf */,
				CCAF6A6929B609DF00755FDF /* Bell Bottom Bass.caf */,
				CCAF6A6A29B609DF00755FDF /* Bell Bottom Guitar.caf */,
				CCD9C1F229B1D59600E5E8A8 /* Against Time Sax Sample.caf */,
				CCD9C1F329B1D59600E5E8A8 /* Against Time Piano.caf */,
				CCD9C1F429B1D59600E5E8A8 /* Against Time Staccato Strings.caf */,
				CCD9C1F529B1D59600E5E8A8 /* Against Time Keys.caf */,
				CCD9C1F629B1D59600E5E8A8 /* Altered State Beat 01.caf */,
				CCD9C1F729B1D59600E5E8A8 /* Amber Beat 01.caf */,
			);
			path = 7s;
			sourceTree = "<group>";
		};
		CCDBC1E52993A0320032A1BD /* Controller */ = {
			isa = PBXGroup;
			children = (
				CCD9C1E029B1D54A00E5E8A8 /* Music */,
				CCA0E2C429ADD33100FA5AF9 /* MIDI */,
				CC661C67299CC3CD00786AEB /* Record */,
				CC661C66299CC3BA00786AEB /* Root */,
			);
			path = Controller;
			sourceTree = "<group>";
		};
		CCDBC2022993A1430032A1BD /* Packages */ = {
			isa = PBXGroup;
			children = (
				CC1E12C829A760E500CCE544 /* AudioKit */,
				CCA3A3ED29B4924E009CA5C9 /* SoundpipeAudioKit */,
				CCA3A3EF29B492D6009CA5C9 /* KissFFT */,
				CCA3A3F429B4931F009CA5C9 /* AudioKitUI */,
				CCA3A3F729B4935F009CA5C9 /* AudioKitEX */,
				CCDE57BB29B72D4A00FF3610 /* Keyboard */,
			);
			name = Packages;
			sourceTree = "<group>";
		};
		CCDE579E29B6E67700FF3610 /* kuyuedui */ = {
			isa = PBXGroup;
			children = (
				CCDE57CE29B78EF400FF3610 /* tool.mp3 */,
				CCDE57B929B71C1800FF3610 /* Guitar.mp3 */,
				CC63576629B8A68C00EA3747 /* BeatDrum.mp3 */,
				CCDE57B129B70C9400FF3610 /* Rose.mp3 */,
				CC63576429B89FF500EA3747 /* 你不知道03.mp3 */,
				CCDE57AD29B70C5100FF3610 /* Prismatica.mp3 */,
				CCDE57AB29B70C3000FF3610 /* CoolBass.mp3 */,
				CCDE57A929B70C1700FF3610 /* Kyle.mp3 */,
				CC63576229B894C400EA3747 /* beat.aiff */,
				CCDE57AF29B70C7300FF3610 /* Quincy.mp3 */,
			);
			path = kuyuedui;
			sourceTree = "<group>";
		};
		CCE9586E29A5B2FD007D2B62 /* Network */ = {
			isa = PBXGroup;
			children = (
				CCE9586F29A5B315007D2B62 /* NetworkManager.swift */,
				CCE9587129A5BFE7007D2B62 /* Const.swift */,
			);
			path = Network;
			sourceTree = "<group>";
		};
		CCE9589329A5EA71007D2B62 /* View */ = {
			isa = PBXGroup;
			children = (
				CCE9589429A5EA88007D2B62 /* Toast.swift */,
				CCE9589A29A5EB6D007D2B62 /* CommonSetting.swift */,
				CCE9589729A5EAF5007D2B62 /* Bridge.h */,
				CCE9589829A5EAF5007D2B62 /* Bridge.m */,
				CCE9589629A5EAF5007D2B62 /* Music-Bridging-Header.h */,
			);
			path = View;
			sourceTree = "<group>";
		};
		CCE958AA29A61006007D2B62 /* SwiftUI */ = {
			isa = PBXGroup;
			children = (
				CCE958AB29A61006007D2B62 /* TrackView.swift */,
				CCDE57BC29B72D8F00FF3610 /* AudioSampler.swift */,
			);
			path = SwiftUI;
			sourceTree = "<group>";
		};
		CCF9AF1329939DDE00AA61F6 = {
			isa = PBXGroup;
			children = (
				CCA3A3EB29B4912A009CA5C9 /* Sounds */,
				CCDBC2022993A1430032A1BD /* Packages */,
				CCF9AF1E29939DDE00AA61F6 /* Music */,
				CCF9AF1D29939DDE00AA61F6 /* Products */,
				5931F5C57BBD9FE868328FAF /* Pods */,
				C70995320B95463FA18772E9 /* Frameworks */,
			);
			sourceTree = "<group>";
		};
		CCF9AF1D29939DDE00AA61F6 /* Products */ = {
			isa = PBXGroup;
			children = (
				CCF9AF1C29939DDE00AA61F6 /* Music.app */,
			);
			name = Products;
			sourceTree = "<group>";
		};
		CCF9AF1E29939DDE00AA61F6 /* Music */ = {
			isa = PBXGroup;
			children = (
				CC6B2D5929B0744F00E37E23 /* midiFile */,
				CCA8A6EF29A767310086D1D2 /* sound */,
				CCF9AF2D29939DDE00AA61F6 /* Info.plist */,
				CCF9AF1F29939DDE00AA61F6 /* AppDelegate.swift */,
				CCF9AF2129939DDE00AA61F6 /* SceneDelegate.swift */,
				CCF9AF2829939DDE00AA61F6 /* Assets.xcassets */,
				CCDBC1E52993A0320032A1BD /* Controller */,
				CCF9AF2A29939DDE00AA61F6 /* LaunchScreen.storyboard */,
				CCE9586E29A5B2FD007D2B62 /* Network */,
				CC661C95299F4CC200786AEB /* SFFile */,
				CCE958AA29A61006007D2B62 /* SwiftUI */,
				CCE9589329A5EA71007D2B62 /* View */,
			);
			path = Music;
			sourceTree = "<group>";
		};
/* End PBXGroup section */

/* Begin PBXNativeTarget section */
		CCF9AF1B29939DDE00AA61F6 /* Music */ = {
			isa = PBXNativeTarget;
			buildConfigurationList = CCF9AF3029939DDE00AA61F6 /* Build configuration list for PBXNativeTarget "Music" */;
			buildPhases = (
				EC72638A1A944A8E1335C735 /* [CP] Check Pods Manifest.lock */,
				CCF9AF1829939DDE00AA61F6 /* Sources */,
				CCF9AF1929939DDE00AA61F6 /* Frameworks */,
				CCF9AF1A29939DDE00AA61F6 /* Resources */,
				EF36290FDC2BB163C578101A /* [CP] Embed Pods Frameworks */,
			);
			buildRules = (
			);
			dependencies = (
			);
			name = Music;
			packageProductDependencies = (
				CC6B80A4299639C300371B0E /* AudioKit */,
				CCA3A3F029B492F0009CA5C9 /* SoundpipeAudioKit */,
				CCA3A3F229B492FE009CA5C9 /* KissFFT */,
				CCA3A3F529B49329009CA5C9 /* AudioKitUI */,
				CCA3A3F829B49368009CA5C9 /* AudioKitEX */,
				CCDE57BE29B72DF400FF3610 /* Keyboard */,
			);
			productName = Music;
			productReference = CCF9AF1C29939DDE00AA61F6 /* Music.app */;
			productType = "com.apple.product-type.application";
		};
/* End PBXNativeTarget section */

/* Begin PBXProject section */
		CCF9AF1429939DDE00AA61F6 /* Project object */ = {
			isa = PBXProject;
			attributes = {
				BuildIndependentTargetsInParallel = 1;
				LastSwiftUpdateCheck = 1420;
				LastUpgradeCheck = 1420;
				TargetAttributes = {
					CCF9AF1B29939DDE00AA61F6 = {
						CreatedOnToolsVersion = 14.2;
						LastSwiftMigration = 1420;
					};
				};
			};
			buildConfigurationList = CCF9AF1729939DDE00AA61F6 /* Build configuration list for PBXProject "Music" */;
			compatibilityVersion = "Xcode 14.0";
			developmentRegion = en;
			hasScannedForEncodings = 0;
			knownRegions = (
				en,
				Base,
			);
			mainGroup = CCF9AF1329939DDE00AA61F6;
			packageReferences = (
			);
			productRefGroup = CCF9AF1D29939DDE00AA61F6 /* Products */;
			projectDirPath = "";
			projectRoot = "";
			targets = (
				CCF9AF1B29939DDE00AA61F6 /* Music */,
			);
		};
/* End PBXProject section */

/* Begin PBXResourcesBuildPhase section */
		CCF9AF1A29939DDE00AA61F6 /* Resources */ = {
			isa = PBXResourcesBuildPhase;
			buildActionMask = 2147483647;
			files = (
				CC185FEF29AC786A005EDF3B /* ntbldmtn.mid in Resources */,
				CC63580129B8D60D00EA3747 /* Bass03.mp3 in Resources */,
				CCA8A70A29A767310086D1D2 /* Celesta.sf2 in Resources */,
				CC63580029B8D60D00EA3747 /* egt1_01.mp3 in Resources */,
				CC63576529B89FF500EA3747 /* 你不知道03.mp3 in Resources */,
				CC63580229B8D60D00EA3747 /* egt3_11.mp3 in Resources */,
				CCA8A70329A767310086D1D2 /* Whistle.sf2 in Resources */,
				CC63578629B8AF0400EA3747 /* stage-4.wav in Resources */,
				CCA8A70B29A767310086D1D2 /* Music Box.sf2 in Resources */,
				CCDE57B029B70C7300FF3610 /* Quincy.mp3 in Resources */,
				CCA3A3AF29B478F7009CA5C9 /* MIDIPlayController.xib in Resources */,
				CCDE57AA29B70C1700FF3610 /* Kyle.mp3 in Resources */,
				CC6357FD29B8D60D00EA3747 /* meta2_1.mp3 in Resources */,
				CCE958A229A5EFEB007D2B62 /* RecordMIDIController.xib in Resources */,
				CC63578029B8AF0400EA3747 /* sand-5.wav in Resources */,
				CC63577B29B8AF0400EA3747 /* sand-2.wav in Resources */,
				CCC66CA929B8744C00343997 /* 青花瓷-段落2-小提琴.mp3 in Resources */,
				CCA8A70D29A767310086D1D2 /* Nylon Guitar.sf2 in Resources */,
				CCD9C1ED29B1D57E00E5E8A8 /* ShakeInfoCell.xib in Resources */,
				CC6357F029B8D60D00EA3747 /* piano_16.mp3 in Resources */,
				CCA8A70E29A767310086D1D2 /* Choir Aahs.sf2 in Resources */,
				CC6357E429B8D60D00EA3747 /* egt3_23.mp3 in Resources */,
				CC6357EB29B8D60D00EA3747 /* violin_21.mp3 in Resources */,
				CC63578729B8AF0400EA3747 /* stage-6.wav in Resources */,
				CC6357E529B8D60D00EA3747 /* e_piano_1_01.mp3 in Resources */,
				CCAF6A6B29B609DF00755FDF /* Bell Bottom Bass.caf in Resources */,
				CC6357FB29B8D60D00EA3747 /* Bell01.mp3 in Resources */,
				CCDE57C329B7488A00FF3610 /* Single.mid in Resources */,
				CC6357EC29B8D60D00EA3747 /* piano_15.mp3 in Resources */,
				CCC66CAB29B8744C00343997 /* 青花瓷-段落2-马林巴琴.mp3 in Resources */,
				CC6357F929B8D60D00EA3747 /* meta2_3.mp3 in Resources */,
				CCDE57B629B7117A00FF3610 /* MusicPlayController.xib in Resources */,
				CCD9C1F929B1D59600E5E8A8 /* Against Time Piano.caf in Resources */,
				CC6B2D5B29B0748B00E37E23 /* Demo.mid in Resources */,
				CC63577D29B8AF0400EA3747 /* sand-7.wav in Resources */,
				CCC9F44629A4D3C3006CC4F0 /* GeneralUser GS MuseScore v1.442.sf2 in Resources */,
				CC6B2D5D29B0749400E37E23 /* sibeliusGMajor.mid in Resources */,
				CCC66C9F29B86C9100343997 /* 青花瓷-段落1-吉他.mp3 in Resources */,
				CCA8A71029A767310086D1D2 /* Tremolo Strings.sf2 in Resources */,
				CCE958B229A62F4E007D2B62 /* Grand_Piano.sf2 in Resources */,
				CCC66CA729B8744C00343997 /* 青花瓷-段落2-钢琴.mp3 in Resources */,
				CC63580929B8DBFC00EA3747 /* Bell02.mp3 in Resources */,
				CC661C6D299CC4C100786AEB /* RootCell.xib in Resources */,
				CCAF6A7429B6206200755FDF /* Electric Piano.caf in Resources */,
				CC63578429B8AF0400EA3747 /* stage-1.wav in Resources */,
				CC6357ED29B8D60D00EA3747 /* piano_17.mp3 in Resources */,
				CCA8A70C29A767310086D1D2 /* Tubular Bells.sf2 in Resources */,
				CCA8A70129A767310086D1D2 /* Standard.sf2 in Resources */,
				CC63580529B8D60D00EA3747 /* Bass01.mp3 in Resources */,
				CCDBC1FF2993A0320032A1BD /* RecordController.xib in Resources */,
				CCF9AF2C29939DDE00AA61F6 /* LaunchScreen.storyboard in Resources */,
				CC6357EA29B8D60D00EA3747 /* piano_14.mp3 in Resources */,
				CCDE57C129B744C300FF3610 /* 4tracks.mid in Resources */,
				CC63580629B8D60D00EA3747 /* egt3_12.mp3 in Resources */,
				CCC66CA829B8744C00343997 /* 青花瓷-段落2-吉他.mp3 in Resources */,
				CC6357F229B8D60D00EA3747 /* piano_13.mp3 in Resources */,
				CCC66C8B29B85B6300343997 /* BangDi.sf2 in Resources */,
				CC63578E29B8B6F500EA3747 /* m1.mp3 in Resources */,
				CCC66C8929B85A9700343997 /* Pipa.sf2 in Resources */,
				CCA8A70429A767310086D1D2 /* Piano.sf2 in Resources */,
				CCC66C8D29B85DA700343997 /* Flute.sf2 in Resources */,
				CCC66C8829B85A9700343997 /* Guzheng.sf2 in Resources */,
				CCD9C1FB29B1D59600E5E8A8 /* Against Time Keys.caf in Resources */,
				CCD9C1FA29B1D59600E5E8A8 /* Against Time Staccato Strings.caf in Resources */,
				CCE958B129A62F4E007D2B62 /* Electric_Piano.sf2 in Resources */,
				CCAF6A7029B60DF000755FDF /* Kyle - Chorus.caf in Resources */,
				CC63577E29B8AF0400EA3747 /* sand-6.wav in Resources */,
				CC6357F129B8D60D00EA3747 /* piano_12.mp3 in Resources */,
				CC63577F29B8AF0400EA3747 /* sand-4.wav in Resources */,
				CCF9AF2929939DDE00AA61F6 /* Assets.xcassets in Resources */,
				CC6357F529B8D60D00EA3747 /* piano_11.mp3 in Resources */,
				CCA8A71129A767310086D1D2 /* Clavinet.sf2 in Resources */,
				CCDE57B229B70C9400FF3610 /* Rose.mp3 in Resources */,
				CC6357FA29B8D60D00EA3747 /* Bass04.mp3 in Resources */,
				CC63578A29B8AF0400EA3747 /* sand-8.wav in Resources */,
				CCDBC2012993A0320032A1BD /* RootController.xib in Resources */,
				CCA8A70529A767310086D1D2 /* Acoustic Bass.sf2 in Resources */,
				CCD9C1FD29B1D59600E5E8A8 /* Amber Beat 01.caf in Resources */,
				CCDE57BA29B71C1800FF3610 /* Guitar.mp3 in Resources */,
				CCA3A3C329B485CD009CA5C9 /* MIDIPlayCell.xib in Resources */,
				CCC66C8529B859EF00343997 /* Tenor_Sax.sf2 in Resources */,
				CCA8A70F29A767310086D1D2 /* Harp.sf2 in Resources */,
				CCC66C9E29B86C9100343997 /* 青花瓷-段落1-小提琴.mp3 in Resources */,
				CC6B2D5829B0456000E37E23 /* MIDIShowController.xib in Resources */,
				CC6357E929B8D60D00EA3747 /* egt3_21.mp3 in Resources */,
				CCC9F42729A31251006CC4F0 /* Rock Piano.sf2 in Resources */,
				CC6357E829B8D60D00EA3747 /* e_piano_1_03.mp3 in Resources */,
				CCDE57AC29B70C3000FF3610 /* CoolBass.mp3 in Resources */,
				CCC66CAA29B8744C00343997 /* 青花瓷-段落2-长笛.mp3 in Resources */,
				CCC66C9729B86AA600343997 /* QingHuaCi1.mp3 in Resources */,
				CC6357EE29B8D60D00EA3747 /* violin_23.mp3 in Resources */,
				CCC66C9D29B86C9100343997 /* 青花瓷-段落1-女声.mp3 in Resources */,
				CC6357F829B8D60D00EA3747 /* piano_19.mp3 in Resources */,
				CC6357F629B8D60D00EA3747 /* piano_20.mp3 in Resources */,
				CCA3A3EC29B4912A009CA5C9 /* Sounds in Resources */,
				CCA8A70729A767310086D1D2 /* Violin.sf2 in Resources */,
				CCDE57CF29B78EF400FF3610 /* tool.mp3 in Resources */,
				CC63578529B8AF0400EA3747 /* stage-5.wav in Resources */,
				CC63578929B8AF0400EA3747 /* stage-8.wav in Resources */,
				CCD9C1FC29B1D59600E5E8A8 /* Altered State Beat 01.caf in Resources */,
				CCD9C1E429B1D56800E5E8A8 /* ShakeDemoController.xib in Resources */,
				CCC9F42329A31235006CC4F0 /* Guitar Harmonics.sf2 in Resources */,
				CC6357FE29B8D60D00EA3747 /* meta2_11.mp3 in Resources */,
				CC63578F29B8B6F500EA3747 /* m2.mp3 in Resources */,
				CC6357F729B8D60D00EA3747 /* piano_18.mp3 in Resources */,
				CC63578829B8AF0400EA3747 /* stage-7.wav in Resources */,
				CC6357E629B8D60D00EA3747 /* egt3_22.mp3 in Resources */,
				CC06DFCD29AF303D0051D7C8 /* export_clear.mid in Resources */,
				CC6357E729B8D60D00EA3747 /* e_piano_1_02.mp3 in Resources */,
				CC63579729B8BCB200EA3747 /* m5.mp3 in Resources */,
				CCC9F42129A31225006CC4F0 /* Clarinet.sf2 in Resources */,
				CC63579129B8B7F500EA3747 /* m3.mp3 in Resources */,
				CCA8A70829A767310086D1D2 /* Accordion.sf2 in Resources */,
				CC63576329B894C400EA3747 /* beat.aiff in Resources */,
				CC63580429B8D60D00EA3747 /* egt3_13.mp3 in Resources */,
				CCAF6A6C29B609DF00755FDF /* Bell Bottom Guitar.caf in Resources */,
				CC6357EF29B8D60D00EA3747 /* violin_22.mp3 in Resources */,
				CC63578329B8AF0400EA3747 /* stage-2.wav in Resources */,
				CC63576729B8A68C00EA3747 /* BeatDrum.mp3 in Resources */,
				CC63579929B8BCB200EA3747 /* m7.mp3 in Resources */,
				CCC9F42529A31243006CC4F0 /* MT-32 Drum Kit.sf2 in Resources */,
				CCD9C1F829B1D59600E5E8A8 /* Against Time Sax Sample.caf in Resources */,
				CC6357FF29B8D60D00EA3747 /* Bass02.mp3 in Resources */,
				CCA8A70929A767310086D1D2 /* Ocarina.sf2 in Resources */,
				CC6357F429B8D60D00EA3747 /* violin_1.mp3 in Resources */,
				CC6357FC29B8D60D00EA3747 /* meta2_2.mp3 in Resources */,
				CCA8A70629A767310086D1D2 /* Brass.sf2 in Resources */,
				CCAF6A7229B61AD400755FDF /* basic_pitch.mid in Resources */,
				CCC9F41F29A31219006CC4F0 /* Bassoon.sf2 in Resources */,
				CCD9C1F029B1D57E00E5E8A8 /* ShakeTopCell.xib in Resources */,
				CC59AF1529B63BFA0082E5DB /* Quincy - Coast To Coast.caf in Resources */,
				CC6357F329B8D60D00EA3747 /* violin_3.mp3 in Resources */,
				CCA8A70229A767310086D1D2 /* Organ.sf2 in Resources */,
				CCC9F42B29A31280006CC4F0 /* Shannai.sf2 in Resources */,
				CC63579329B8BB9300EA3747 /* m4.mp3 in Resources */,
				CC59AF1329B63BF20082E5DB /* Prismatica Beat 03.caf in Resources */,
				CCA0E2C829ADD4D800FA5AF9 /* export.mid in Resources */,
				CCDE57AE29B70C5100FF3610 /* Prismatica.mp3 in Resources */,
				CC63580329B8D60D00EA3747 /* meta2_12.mp3 in Resources */,
				CC74416B29B9BA9E009FB5B8 /* AudioKitRecordController.xib in Resources */,
				CCDE57C529B7782000FF3610 /* QingHuaCi.mid in Resources */,
				CCC66CA129B86C9100343997 /* 青花瓷-段落1-长笛.mp3 in Resources */,
				CC63577C29B8AF0400EA3747 /* sand-3.wav in Resources */,
				CC63580729B8D60D00EA3747 /* meta2_13.mp3 in Resources */,
				CC63579829B8BCB200EA3747 /* m6.mp3 in Resources */,
				CCC66CA029B86C9100343997 /* 青花瓷-段落1-马林巴琴.mp3 in Resources */,
				CCAF6A6E29B60A8600755FDF /* Beat.caf in Resources */,
				CC63577A29B8AF0400EA3747 /* sand-1.wav in Resources */,
				CC63578229B8AF0400EA3747 /* stage-3.wav in Resources */,
			);
			runOnlyForDeploymentPostprocessing = 0;
		};
/* End PBXResourcesBuildPhase section */

/* Begin PBXShellScriptBuildPhase section */
		EC72638A1A944A8E1335C735 /* [CP] Check Pods Manifest.lock */ = {
			isa = PBXShellScriptBuildPhase;
			buildActionMask = 2147483647;
			files = (
			);
			inputFileListPaths = (
			);
			inputPaths = (
				"${PODS_PODFILE_DIR_PATH}/Podfile.lock",
				"${PODS_ROOT}/Manifest.lock",
			);
			name = "[CP] Check Pods Manifest.lock";
			outputFileListPaths = (
			);
			outputPaths = (
				"$(DERIVED_FILE_DIR)/Pods-Music-checkManifestLockResult.txt",
			);
			runOnlyForDeploymentPostprocessing = 0;
			shellPath = /bin/sh;
			shellScript = "diff \"${PODS_PODFILE_DIR_PATH}/Podfile.lock\" \"${PODS_ROOT}/Manifest.lock\" > /dev/null\nif [ $? != 0 ] ; then\n    # print error to STDERR\n    echo \"error: The sandbox is not in sync with the Podfile.lock. Run 'pod install' or update your CocoaPods installation.\" >&2\n    exit 1\nfi\n# This output is used by Xcode 'outputs' to avoid re-running this script phase.\necho \"SUCCESS\" > \"${SCRIPT_OUTPUT_FILE_0}\"\n";
			showEnvVarsInLog = 0;
		};
		EF36290FDC2BB163C578101A /* [CP] Embed Pods Frameworks */ = {
			isa = PBXShellScriptBuildPhase;
			buildActionMask = 2147483647;
			files = (
			);
			inputFileListPaths = (
				"${PODS_ROOT}/Target Support Files/Pods-Music/Pods-Music-frameworks-${CONFIGURATION}-input-files.xcfilelist",
			);
			name = "[CP] Embed Pods Frameworks";
			outputFileListPaths = (
				"${PODS_ROOT}/Target Support Files/Pods-Music/Pods-Music-frameworks-${CONFIGURATION}-output-files.xcfilelist",
			);
			runOnlyForDeploymentPostprocessing = 0;
			shellPath = /bin/sh;
			shellScript = "\"${PODS_ROOT}/Target Support Files/Pods-Music/Pods-Music-frameworks.sh\"\n";
			showEnvVarsInLog = 0;
		};
/* End PBXShellScriptBuildPhase section */

/* Begin PBXSourcesBuildPhase section */
		CCF9AF1829939DDE00AA61F6 /* Sources */ = {
			isa = PBXSourcesBuildPhase;
			buildActionMask = 2147483647;
			files = (
				CCD9C1FF29B1D60A00E5E8A8 /* ExampleSegment.swift in Sources */,
				CCDE57B529B7117A00FF3610 /* MusicPlayController.swift in Sources */,
				CCF9AF2029939DDE00AA61F6 /* AppDelegate.swift in Sources */,
				CC6B2D5729B0456000E37E23 /* MIDIShowController.swift in Sources */,
				CCA3A3C229B485CD009CA5C9 /* MIDIPlayCell.swift in Sources */,
				CCE9589529A5EA88007D2B62 /* Toast.swift in Sources */,
				CCA3A3AE29B478F7009CA5C9 /* MIDIPlayController.swift in Sources */,
				CCF9AF2229939DDE00AA61F6 /* SceneDelegate.swift in Sources */,
				CCDBC2002993A0320032A1BD /* RecordController.swift in Sources */,
				CCDE57B829B7157D00FF3610 /* MusicModel.swift in Sources */,
				CCE9589929A5EAF5007D2B62 /* Bridge.m in Sources */,
				CCD9C1EF29B1D57E00E5E8A8 /* ShakeTopCell.swift in Sources */,
				CC661C6C299CC4C100786AEB /* RootCell.swift in Sources */,
				CCE9589B29A5EB6D007D2B62 /* CommonSetting.swift in Sources */,
				CCD9C1EC29B1D57E00E5E8A8 /* ShakeModel.swift in Sources */,
				CCE958A129A5EFEB007D2B62 /* RecordMIDIController.swift in Sources */,
				CCA0E2C629ADD37B00FA5AF9 /* DealMIDIFileController.swift in Sources */,
				CCE9587029A5B315007D2B62 /* NetworkManager.swift in Sources */,
				CCE9587229A5BFE7007D2B62 /* Const.swift in Sources */,
				CCDE57BD29B72D8F00FF3610 /* AudioSampler.swift in Sources */,
				CCD9C1EE29B1D57E00E5E8A8 /* ShakeInfoCell.swift in Sources */,
				CCD9C1E329B1D56800E5E8A8 /* ShakeDemoController.swift in Sources */,
				CC74416A29B9BA9E009FB5B8 /* AudioKitRecordController.swift in Sources */,
				CCE958AC29A61006007D2B62 /* TrackView.swift in Sources */,
				CCDBC1FE2993A0320032A1BD /* RootController.swift in Sources */,
			);
			runOnlyForDeploymentPostprocessing = 0;
		};
/* End PBXSourcesBuildPhase section */

/* Begin PBXVariantGroup section */
		CCF9AF2A29939DDE00AA61F6 /* LaunchScreen.storyboard */ = {
			isa = PBXVariantGroup;
			children = (
				CCF9AF2B29939DDE00AA61F6 /* Base */,
			);
			name = LaunchScreen.storyboard;
			sourceTree = "<group>";
		};
/* End PBXVariantGroup section */

/* Begin XCBuildConfiguration section */
		CCF9AF2E29939DDE00AA61F6 /* Debug */ = {
			isa = XCBuildConfiguration;
			buildSettings = {
				ALWAYS_SEARCH_USER_PATHS = NO;
				CLANG_ANALYZER_NONNULL = YES;
				CLANG_ANALYZER_NUMBER_OBJECT_CONVERSION = YES_AGGRESSIVE;
				CLANG_CXX_LANGUAGE_STANDARD = "gnu++20";
				CLANG_ENABLE_MODULES = YES;
				CLANG_ENABLE_OBJC_ARC = YES;
				CLANG_ENABLE_OBJC_WEAK = YES;
				CLANG_WARN_BLOCK_CAPTURE_AUTORELEASING = YES;
				CLANG_WARN_BOOL_CONVERSION = YES;
				CLANG_WARN_COMMA = YES;
				CLANG_WARN_CONSTANT_CONVERSION = YES;
				CLANG_WARN_DEPRECATED_OBJC_IMPLEMENTATIONS = YES;
				CLANG_WARN_DIRECT_OBJC_ISA_USAGE = YES_ERROR;
				CLANG_WARN_DOCUMENTATION_COMMENTS = YES;
				CLANG_WARN_EMPTY_BODY = YES;
				CLANG_WARN_ENUM_CONVERSION = YES;
				CLANG_WARN_INFINITE_RECURSION = YES;
				CLANG_WARN_INT_CONVERSION = YES;
				CLANG_WARN_NON_LITERAL_NULL_CONVERSION = YES;
				CLANG_WARN_OBJC_IMPLICIT_RETAIN_SELF = YES;
				CLANG_WARN_OBJC_LITERAL_CONVERSION = YES;
				CLANG_WARN_OBJC_ROOT_CLASS = YES_ERROR;
				CLANG_WARN_QUOTED_INCLUDE_IN_FRAMEWORK_HEADER = YES;
				CLANG_WARN_RANGE_LOOP_ANALYSIS = YES;
				CLANG_WARN_STRICT_PROTOTYPES = YES;
				CLANG_WARN_SUSPICIOUS_MOVE = YES;
				CLANG_WARN_UNGUARDED_AVAILABILITY = YES_AGGRESSIVE;
				CLANG_WARN_UNREACHABLE_CODE = YES;
				CLANG_WARN__DUPLICATE_METHOD_MATCH = YES;
				COPY_PHASE_STRIP = NO;
				DEBUG_INFORMATION_FORMAT = dwarf;
				ENABLE_STRICT_OBJC_MSGSEND = YES;
				ENABLE_TESTABILITY = YES;
				GCC_C_LANGUAGE_STANDARD = gnu11;
				GCC_DYNAMIC_NO_PIC = NO;
				GCC_NO_COMMON_BLOCKS = YES;
				GCC_OPTIMIZATION_LEVEL = 0;
				GCC_PREPROCESSOR_DEFINITIONS = (
					"DEBUG=1",
					"$(inherited)",
				);
				GCC_WARN_64_TO_32_BIT_CONVERSION = YES;
				GCC_WARN_ABOUT_RETURN_TYPE = YES_ERROR;
				GCC_WARN_UNDECLARED_SELECTOR = YES;
				GCC_WARN_UNINITIALIZED_AUTOS = YES_AGGRESSIVE;
				GCC_WARN_UNUSED_FUNCTION = YES;
				GCC_WARN_UNUSED_VARIABLE = YES;
				IPHONEOS_DEPLOYMENT_TARGET = 15.0;
				MTL_ENABLE_DEBUG_INFO = INCLUDE_SOURCE;
				MTL_FAST_MATH = YES;
				ONLY_ACTIVE_ARCH = YES;
				SDKROOT = iphoneos;
				SWIFT_ACTIVE_COMPILATION_CONDITIONS = DEBUG;
				SWIFT_OPTIMIZATION_LEVEL = "-Onone";
			};
			name = Debug;
		};
		CCF9AF2F29939DDE00AA61F6 /* Release */ = {
			isa = XCBuildConfiguration;
			buildSettings = {
				ALWAYS_SEARCH_USER_PATHS = NO;
				CLANG_ANALYZER_NONNULL = YES;
				CLANG_ANALYZER_NUMBER_OBJECT_CONVERSION = YES_AGGRESSIVE;
				CLANG_CXX_LANGUAGE_STANDARD = "gnu++20";
				CLANG_ENABLE_MODULES = YES;
				CLANG_ENABLE_OBJC_ARC = YES;
				CLANG_ENABLE_OBJC_WEAK = YES;
				CLANG_WARN_BLOCK_CAPTURE_AUTORELEASING = YES;
				CLANG_WARN_BOOL_CONVERSION = YES;
				CLANG_WARN_COMMA = YES;
				CLANG_WARN_CONSTANT_CONVERSION = YES;
				CLANG_WARN_DEPRECATED_OBJC_IMPLEMENTATIONS = YES;
				CLANG_WARN_DIRECT_OBJC_ISA_USAGE = YES_ERROR;
				CLANG_WARN_DOCUMENTATION_COMMENTS = YES;
				CLANG_WARN_EMPTY_BODY = YES;
				CLANG_WARN_ENUM_CONVERSION = YES;
				CLANG_WARN_INFINITE_RECURSION = YES;
				CLANG_WARN_INT_CONVERSION = YES;
				CLANG_WARN_NON_LITERAL_NULL_CONVERSION = YES;
				CLANG_WARN_OBJC_IMPLICIT_RETAIN_SELF = YES;
				CLANG_WARN_OBJC_LITERAL_CONVERSION = YES;
				CLANG_WARN_OBJC_ROOT_CLASS = YES_ERROR;
				CLANG_WARN_QUOTED_INCLUDE_IN_FRAMEWORK_HEADER = YES;
				CLANG_WARN_RANGE_LOOP_ANALYSIS = YES;
				CLANG_WARN_STRICT_PROTOTYPES = YES;
				CLANG_WARN_SUSPICIOUS_MOVE = YES;
				CLANG_WARN_UNGUARDED_AVAILABILITY = YES_AGGRESSIVE;
				CLANG_WARN_UNREACHABLE_CODE = YES;
				CLANG_WARN__DUPLICATE_METHOD_MATCH = YES;
				COPY_PHASE_STRIP = NO;
				DEBUG_INFORMATION_FORMAT = "dwarf-with-dsym";
				ENABLE_NS_ASSERTIONS = NO;
				ENABLE_STRICT_OBJC_MSGSEND = YES;
				GCC_C_LANGUAGE_STANDARD = gnu11;
				GCC_NO_COMMON_BLOCKS = YES;
				GCC_WARN_64_TO_32_BIT_CONVERSION = YES;
				GCC_WARN_ABOUT_RETURN_TYPE = YES_ERROR;
				GCC_WARN_UNDECLARED_SELECTOR = YES;
				GCC_WARN_UNINITIALIZED_AUTOS = YES_AGGRESSIVE;
				GCC_WARN_UNUSED_FUNCTION = YES;
				GCC_WARN_UNUSED_VARIABLE = YES;
				IPHONEOS_DEPLOYMENT_TARGET = 15.0;
				MTL_ENABLE_DEBUG_INFO = NO;
				MTL_FAST_MATH = YES;
				SDKROOT = iphoneos;
				SWIFT_COMPILATION_MODE = wholemodule;
				SWIFT_OPTIMIZATION_LEVEL = "-O";
				VALIDATE_PRODUCT = YES;
			};
			name = Release;
		};
		CCF9AF3129939DDE00AA61F6 /* Debug */ = {
			isa = XCBuildConfiguration;
			baseConfigurationReference = A525181CB975EE9C93165524 /* Pods-Music.debug.xcconfig */;
			buildSettings = {
				ASSETCATALOG_COMPILER_APPICON_NAME = AppIcon;
				ASSETCATALOG_COMPILER_GLOBAL_ACCENT_COLOR_NAME = AccentColor;
				CLANG_ENABLE_MODULES = YES;
				CODE_SIGN_STYLE = Automatic;
				CURRENT_PROJECT_VERSION = 2;
				DEVELOPMENT_TEAM = Q55T7745P3;
				GENERATE_INFOPLIST_FILE = YES;
				INFOPLIST_FILE = Music/Info.plist;
				INFOPLIST_KEY_CFBundleDisplayName = "Music Studio";
				INFOPLIST_KEY_NSMicrophoneUsageDescription = "启用麦克风录制音频";
				INFOPLIST_KEY_UIApplicationSupportsIndirectInputEvents = YES;
				INFOPLIST_KEY_UILaunchStoryboardName = LaunchScreen;
				INFOPLIST_KEY_UISupportedInterfaceOrientations = UIInterfaceOrientationPortrait;
				INFOPLIST_KEY_UISupportedInterfaceOrientations_iPad = "UIInterfaceOrientationLandscapeLeft UIInterfaceOrientationLandscapeRight UIInterfaceOrientationPortrait";
				IPHONEOS_DEPLOYMENT_TARGET = 15.0;
				LD_RUNPATH_SEARCH_PATHS = (
					"$(inherited)",
					"@executable_path/Frameworks",
				);
				LIBRARY_SEARCH_PATHS = (
					"$(inherited)",
					"$(PROJECT_DIR)",
				);
				MARKETING_VERSION = 1.0;
				PRODUCT_BUNDLE_IDENTIFIER = com.taolee.music.Music;
				PRODUCT_NAME = "$(TARGET_NAME)";
				SUPPORTED_PLATFORMS = "iphoneos iphonesimulator";
				SUPPORTS_MACCATALYST = NO;
				SUPPORTS_MAC_DESIGNED_FOR_IPHONE_IPAD = NO;
				SWIFT_EMIT_LOC_STRINGS = YES;
				SWIFT_OBJC_BRIDGING_HEADER = "Music/View/Music-Bridging-Header.h";
				SWIFT_OPTIMIZATION_LEVEL = "-Onone";
				SWIFT_VERSION = 5.0;
				TARGETED_DEVICE_FAMILY = "1,2";
			};
			name = Debug;
		};
		CCF9AF3229939DDE00AA61F6 /* Release */ = {
			isa = XCBuildConfiguration;
			baseConfigurationReference = BEB5A15800A3E6336A9E273C /* Pods-Music.release.xcconfig */;
			buildSettings = {
				ASSETCATALOG_COMPILER_APPICON_NAME = AppIcon;
				ASSETCATALOG_COMPILER_GLOBAL_ACCENT_COLOR_NAME = AccentColor;
				CLANG_ENABLE_MODULES = YES;
				CODE_SIGN_STYLE = Automatic;
				CURRENT_PROJECT_VERSION = 2;
				DEVELOPMENT_TEAM = Q55T7745P3;
				GENERATE_INFOPLIST_FILE = YES;
				INFOPLIST_FILE = Music/Info.plist;
				INFOPLIST_KEY_CFBundleDisplayName = "Music Studio";
				INFOPLIST_KEY_NSMicrophoneUsageDescription = "启用麦克风录制音频";
				INFOPLIST_KEY_UIApplicationSupportsIndirectInputEvents = YES;
				INFOPLIST_KEY_UILaunchStoryboardName = LaunchScreen;
				INFOPLIST_KEY_UISupportedInterfaceOrientations = UIInterfaceOrientationPortrait;
				INFOPLIST_KEY_UISupportedInterfaceOrientations_iPad = "UIInterfaceOrientationLandscapeLeft UIInterfaceOrientationLandscapeRight UIInterfaceOrientationPortrait";
				IPHONEOS_DEPLOYMENT_TARGET = 15.0;
				LD_RUNPATH_SEARCH_PATHS = (
					"$(inherited)",
					"@executable_path/Frameworks",
				);
				LIBRARY_SEARCH_PATHS = (
					"$(inherited)",
					"$(PROJECT_DIR)",
				);
				MARKETING_VERSION = 1.0;
				PRODUCT_BUNDLE_IDENTIFIER = com.taolee.music.Music;
				PRODUCT_NAME = "$(TARGET_NAME)";
				SUPPORTED_PLATFORMS = "iphoneos iphonesimulator";
				SUPPORTS_MACCATALYST = NO;
				SUPPORTS_MAC_DESIGNED_FOR_IPHONE_IPAD = NO;
				SWIFT_EMIT_LOC_STRINGS = YES;
				SWIFT_OBJC_BRIDGING_HEADER = "Music/View/Music-Bridging-Header.h";
				SWIFT_VERSION = 5.0;
				TARGETED_DEVICE_FAMILY = "1,2";
			};
			name = Release;
		};
/* End XCBuildConfiguration section */

/* Begin XCConfigurationList section */
		CCF9AF1729939DDE00AA61F6 /* Build configuration list for PBXProject "Music" */ = {
			isa = XCConfigurationList;
			buildConfigurations = (
				CCF9AF2E29939DDE00AA61F6 /* Debug */,
				CCF9AF2F29939DDE00AA61F6 /* Release */,
			);
			defaultConfigurationIsVisible = 0;
			defaultConfigurationName = Release;
		};
		CCF9AF3029939DDE00AA61F6 /* Build configuration list for PBXNativeTarget "Music" */ = {
			isa = XCConfigurationList;
			buildConfigurations = (
				CCF9AF3129939DDE00AA61F6 /* Debug */,
				CCF9AF3229939DDE00AA61F6 /* Release */,
			);
			defaultConfigurationIsVisible = 0;
			defaultConfigurationName = Release;
		};
/* End XCConfigurationList section */

/* Begin XCSwiftPackageProductDependency section */
		CC6B80A4299639C300371B0E /* AudioKit */ = {
			isa = XCSwiftPackageProductDependency;
			productName = AudioKit;
		};
		CCA3A3F029B492F0009CA5C9 /* SoundpipeAudioKit */ = {
			isa = XCSwiftPackageProductDependency;
			productName = SoundpipeAudioKit;
		};
		CCA3A3F229B492FE009CA5C9 /* KissFFT */ = {
			isa = XCSwiftPackageProductDependency;
			productName = KissFFT;
		};
		CCA3A3F529B49329009CA5C9 /* AudioKitUI */ = {
			isa = XCSwiftPackageProductDependency;
			productName = AudioKitUI;
		};
		CCA3A3F829B49368009CA5C9 /* AudioKitEX */ = {
			isa = XCSwiftPackageProductDependency;
			productName = AudioKitEX;
		};
		CCDE57BE29B72DF400FF3610 /* Keyboard */ = {
			isa = XCSwiftPackageProductDependency;
			productName = Keyboard;
		};
/* End XCSwiftPackageProductDependency section */
	};
	rootObject = CCF9AF1429939DDE00AA61F6 /* Project object */;
}
