// !$*UTF8*$!
{
	archiveVersion = 1;
	classes = {
	};
	objectVersion = 56;
	objects = {

/* Begin PBXBuildFile section */
		CC47778629922B9D003E533A /* AudioKit in Frameworks */ = {isa = PBXBuildFile; productRef = CC47778529922B9D003E533A /* AudioKit */; };
		CC47779029922BBF003E533A /* stage-3.wav in Resources */ = {isa = PBXBuildFile; fileRef = CC47778829922BBF003E533A /* stage-3.wav */; };
		CC47779129922BBF003E533A /* stage-2.wav in Resources */ = {isa = PBXBuildFile; fileRef = CC47778929922BBF003E533A /* stage-2.wav */; };
		CC47779229922BBF003E533A /* stage-1.wav in Resources */ = {isa = PBXBuildFile; fileRef = CC47778A29922BBF003E533A /* stage-1.wav */; };
		CC47779329922BBF003E533A /* stage-5.wav in Resources */ = {isa = PBXBuildFile; fileRef = CC47778B29922BBF003E533A /* stage-5.wav */; };
		CC47779429922BBF003E533A /* stage-4.wav in Resources */ = {isa = PBXBuildFile; fileRef = CC47778C29922BBF003E533A /* stage-4.wav */; };
		CC47779529922BBF003E533A /* stage-6.wav in Resources */ = {isa = PBXBuildFile; fileRef = CC47778D29922BBF003E533A /* stage-6.wav */; };
		CC47779629922BBF003E533A /* stage-7.wav in Resources */ = {isa = PBXBuildFile; fileRef = CC47778E29922BBF003E533A /* stage-7.wav */; };
		CC47779729922BBF003E533A /* stage-8.wav in Resources */ = {isa = PBXBuildFile; fileRef = CC47778F29922BBF003E533A /* stage-8.wav */; };
		CC4777A029923F3F003E533A /* sand-2.wav in Resources */ = {isa = PBXBuildFile; fileRef = CC47779829923F3F003E533A /* sand-2.wav */; };
		CC4777A129923F3F003E533A /* sand-5.wav in Resources */ = {isa = PBXBuildFile; fileRef = CC47779929923F3F003E533A /* sand-5.wav */; };
		CC4777A229923F3F003E533A /* sand-7.wav in Resources */ = {isa = PBXBuildFile; fileRef = CC47779A29923F3F003E533A /* sand-7.wav */; };
		CC4777A329923F3F003E533A /* sand-6.wav in Resources */ = {isa = PBXBuildFile; fileRef = CC47779B29923F3F003E533A /* sand-6.wav */; };
		CC4777A429923F3F003E533A /* sand-3.wav in Resources */ = {isa = PBXBuildFile; fileRef = CC47779C29923F3F003E533A /* sand-3.wav */; };
		CC4777A529923F3F003E533A /* sand-4.wav in Resources */ = {isa = PBXBuildFile; fileRef = CC47779D29923F3F003E533A /* sand-4.wav */; };
		CC4777A629923F3F003E533A /* sand-8.wav in Resources */ = {isa = PBXBuildFile; fileRef = CC47779E29923F3F003E533A /* sand-8.wav */; };
		CC4777A729923F3F003E533A /* sand-1.wav in Resources */ = {isa = PBXBuildFile; fileRef = CC47779F29923F3F003E533A /* sand-1.wav */; };
		CCB72D3C2990F0A500129465 /* AppDelegate.swift in Sources */ = {isa = PBXBuildFile; fileRef = CCB72D3B2990F0A500129465 /* AppDelegate.swift */; };
		CCB72D3E2990F0A500129465 /* SceneDelegate.swift in Sources */ = {isa = PBXBuildFile; fileRef = CCB72D3D2990F0A500129465 /* SceneDelegate.swift */; };
		CCB72D402990F0A500129465 /* ViewController.swift in Sources */ = {isa = PBXBuildFile; fileRef = CCB72D3F2990F0A500129465 /* ViewController.swift */; };
		CCB72D432990F0A500129465 /* Main.storyboard in Resources */ = {isa = PBXBuildFile; fileRef = CCB72D412990F0A500129465 /* Main.storyboard */; };
		CCB72D452990F0A600129465 /* Assets.xcassets in Resources */ = {isa = PBXBuildFile; fileRef = CCB72D442990F0A600129465 /* Assets.xcassets */; };
		CCB72D482990F0A600129465 /* LaunchScreen.storyboard in Resources */ = {isa = PBXBuildFile; fileRef = CCB72D462990F0A600129465 /* LaunchScreen.storyboard */; };
/* End PBXBuildFile section */

/* Begin PBXFileReference section */
		CC47778829922BBF003E533A /* stage-3.wav */ = {isa = PBXFileReference; lastKnownFileType = audio.wav; path = "stage-3.wav"; sourceTree = "<group>"; };
		CC47778929922BBF003E533A /* stage-2.wav */ = {isa = PBXFileReference; lastKnownFileType = audio.wav; path = "stage-2.wav"; sourceTree = "<group>"; };
		CC47778A29922BBF003E533A /* stage-1.wav */ = {isa = PBXFileReference; lastKnownFileType = audio.wav; path = "stage-1.wav"; sourceTree = "<group>"; };
		CC47778B29922BBF003E533A /* stage-5.wav */ = {isa = PBXFileReference; lastKnownFileType = audio.wav; path = "stage-5.wav"; sourceTree = "<group>"; };
		CC47778C29922BBF003E533A /* stage-4.wav */ = {isa = PBXFileReference; lastKnownFileType = audio.wav; path = "stage-4.wav"; sourceTree = "<group>"; };
		CC47778D29922BBF003E533A /* stage-6.wav */ = {isa = PBXFileReference; lastKnownFileType = audio.wav; path = "stage-6.wav"; sourceTree = "<group>"; };
		CC47778E29922BBF003E533A /* stage-7.wav */ = {isa = PBXFileReference; lastKnownFileType = audio.wav; path = "stage-7.wav"; sourceTree = "<group>"; };
		CC47778F29922BBF003E533A /* stage-8.wav */ = {isa = PBXFileReference; lastKnownFileType = audio.wav; path = "stage-8.wav"; sourceTree = "<group>"; };
		CC47779829923F3F003E533A /* sand-2.wav */ = {isa = PBXFileReference; lastKnownFileType = audio.wav; path = "sand-2.wav"; sourceTree = "<group>"; };
		CC47779929923F3F003E533A /* sand-5.wav */ = {isa = PBXFileReference; lastKnownFileType = audio.wav; path = "sand-5.wav"; sourceTree = "<group>"; };
		CC47779A29923F3F003E533A /* sand-7.wav */ = {isa = PBXFileReference; lastKnownFileType = audio.wav; path = "sand-7.wav"; sourceTree = "<group>"; };
		CC47779B29923F3F003E533A /* sand-6.wav */ = {isa = PBXFileReference; lastKnownFileType = audio.wav; path = "sand-6.wav"; sourceTree = "<group>"; };
		CC47779C29923F3F003E533A /* sand-3.wav */ = {isa = PBXFileReference; lastKnownFileType = audio.wav; path = "sand-3.wav"; sourceTree = "<group>"; };
		CC47779D29923F3F003E533A /* sand-4.wav */ = {isa = PBXFileReference; lastKnownFileType = audio.wav; path = "sand-4.wav"; sourceTree = "<group>"; };
		CC47779E29923F3F003E533A /* sand-8.wav */ = {isa = PBXFileReference; lastKnownFileType = audio.wav; path = "sand-8.wav"; sourceTree = "<group>"; };
		CC47779F29923F3F003E533A /* sand-1.wav */ = {isa = PBXFileReference; lastKnownFileType = audio.wav; path = "sand-1.wav"; sourceTree = "<group>"; };
		CCB72D382990F0A500129465 /* MusicStudio.app */ = {isa = PBXFileReference; explicitFileType = wrapper.application; includeInIndex = 0; path = MusicStudio.app; sourceTree = BUILT_PRODUCTS_DIR; };
		CCB72D3B2990F0A500129465 /* AppDelegate.swift */ = {isa = PBXFileReference; lastKnownFileType = sourcecode.swift; path = AppDelegate.swift; sourceTree = "<group>"; };
		CCB72D3D2990F0A500129465 /* SceneDelegate.swift */ = {isa = PBXFileReference; lastKnownFileType = sourcecode.swift; path = SceneDelegate.swift; sourceTree = "<group>"; };
		CCB72D3F2990F0A500129465 /* ViewController.swift */ = {isa = PBXFileReference; lastKnownFileType = sourcecode.swift; path = ViewController.swift; sourceTree = "<group>"; };
		CCB72D422990F0A500129465 /* Base */ = {isa = PBXFileReference; lastKnownFileType = file.storyboard; name = Base; path = Base.lproj/Main.storyboard; sourceTree = "<group>"; };
		CCB72D442990F0A600129465 /* Assets.xcassets */ = {isa = PBXFileReference; lastKnownFileType = folder.assetcatalog; path = Assets.xcassets; sourceTree = "<group>"; };
		CCB72D472990F0A600129465 /* Base */ = {isa = PBXFileReference; lastKnownFileType = file.storyboard; name = Base; path = Base.lproj/LaunchScreen.storyboard; sourceTree = "<group>"; };
		CCB72D492990F0A600129465 /* Info.plist */ = {isa = PBXFileReference; lastKnownFileType = text.plist.xml; path = Info.plist; sourceTree = "<group>"; };
/* End PBXFileReference section */

/* Begin PBXFrameworksBuildPhase section */
		CCB72D352990F0A500129465 /* Frameworks */ = {
			isa = PBXFrameworksBuildPhase;
			buildActionMask = 2147483647;
			files = (
				CC47778629922B9D003E533A /* AudioKit in Frameworks */,
			);
			runOnlyForDeploymentPostprocessing = 0;
		};
/* End PBXFrameworksBuildPhase section */

/* Begin PBXGroup section */
		CC47778429922B9D003E533A /* Frameworks */ = {
			isa = PBXGroup;
			children = (
			);
			name = Frameworks;
			sourceTree = "<group>";
		};
		CC47778729922BBF003E533A /* Sample */ = {
			isa = PBXGroup;
			children = (
				CC47778829922BBF003E533A /* stage-3.wav */,
				CC47778929922BBF003E533A /* stage-2.wav */,
				CC47778A29922BBF003E533A /* stage-1.wav */,
				CC47778B29922BBF003E533A /* stage-5.wav */,
				CC47778C29922BBF003E533A /* stage-4.wav */,
				CC47778D29922BBF003E533A /* stage-6.wav */,
				CC47778E29922BBF003E533A /* stage-7.wav */,
				CC47778F29922BBF003E533A /* stage-8.wav */,
				CC47779F29923F3F003E533A /* sand-1.wav */,
				CC47779829923F3F003E533A /* sand-2.wav */,
				CC47779C29923F3F003E533A /* sand-3.wav */,
				CC47779D29923F3F003E533A /* sand-4.wav */,
				CC47779929923F3F003E533A /* sand-5.wav */,
				CC47779B29923F3F003E533A /* sand-6.wav */,
				CC47779A29923F3F003E533A /* sand-7.wav */,
				CC47779E29923F3F003E533A /* sand-8.wav */,
			);
			path = Sample;
			sourceTree = "<group>";
		};
		CCB72D2F2990F0A500129465 = {
			isa = PBXGroup;
			children = (
				CCB72D3A2990F0A500129465 /* MusicStudio */,
				CCB72D392990F0A500129465 /* Products */,
				CC47778429922B9D003E533A /* Frameworks */,
			);
			sourceTree = "<group>";
		};
		CCB72D392990F0A500129465 /* Products */ = {
			isa = PBXGroup;
			children = (
				CCB72D382990F0A500129465 /* MusicStudio.app */,
			);
			name = Products;
			sourceTree = "<group>";
		};
		CCB72D3A2990F0A500129465 /* MusicStudio */ = {
			isa = PBXGroup;
			children = (
				CCB72D3B2990F0A500129465 /* AppDelegate.swift */,
				CCB72D3D2990F0A500129465 /* SceneDelegate.swift */,
				CCB72D3F2990F0A500129465 /* ViewController.swift */,
				CC47778729922BBF003E533A /* Sample */,
				CCB72D412990F0A500129465 /* Main.storyboard */,
				CCB72D442990F0A600129465 /* Assets.xcassets */,
				CCB72D462990F0A600129465 /* LaunchScreen.storyboard */,
				CCB72D492990F0A600129465 /* Info.plist */,
			);
			path = MusicStudio;
			sourceTree = "<group>";
		};
/* End PBXGroup section */

/* Begin PBXNativeTarget section */
		CCB72D372990F0A500129465 /* MusicStudio */ = {
			isa = PBXNativeTarget;
			buildConfigurationList = CCB72D4C2990F0A600129465 /* Build configuration list for PBXNativeTarget "MusicStudio" */;
			buildPhases = (
				CCB72D342990F0A500129465 /* Sources */,
				CCB72D352990F0A500129465 /* Frameworks */,
				CCB72D362990F0A500129465 /* Resources */,
			);
			buildRules = (
			);
			dependencies = (
			);
			name = MusicStudio;
			packageProductDependencies = (
				CC47778529922B9D003E533A /* AudioKit */,
			);
			productName = MusicStudio;
			productReference = CCB72D382990F0A500129465 /* MusicStudio.app */;
			productType = "com.apple.product-type.application";
		};
/* End PBXNativeTarget section */

/* Begin PBXProject section */
		CCB72D302990F0A500129465 /* Project object */ = {
			isa = PBXProject;
			attributes = {
				BuildIndependentTargetsInParallel = 1;
				LastSwiftUpdateCheck = 1420;
				LastUpgradeCheck = 1420;
				TargetAttributes = {
					CCB72D372990F0A500129465 = {
						CreatedOnToolsVersion = 14.2;
					};
				};
			};
			buildConfigurationList = CCB72D332990F0A500129465 /* Build configuration list for PBXProject "MusicStudio" */;
			compatibilityVersion = "Xcode 14.0";
			developmentRegion = en;
			hasScannedForEncodings = 0;
			knownRegions = (
				en,
				Base,
			);
			mainGroup = CCB72D2F2990F0A500129465;
			packageReferences = (
				CCB72D4F2990F53200129465 /* XCRemoteSwiftPackageReference "AudioKit" */,
			);
			productRefGroup = CCB72D392990F0A500129465 /* Products */;
			projectDirPath = "";
			projectRoot = "";
			targets = (
				CCB72D372990F0A500129465 /* MusicStudio */,
			);
		};
/* End PBXProject section */

/* Begin PBXResourcesBuildPhase section */
		CCB72D362990F0A500129465 /* Resources */ = {
			isa = PBXResourcesBuildPhase;
			buildActionMask = 2147483647;
			files = (
				CCB72D482990F0A600129465 /* LaunchScreen.storyboard in Resources */,
				CC47779329922BBF003E533A /* stage-5.wav in Resources */,
				CC47779229922BBF003E533A /* stage-1.wav in Resources */,
				CC4777A629923F3F003E533A /* sand-8.wav in Resources */,
				CC4777A029923F3F003E533A /* sand-2.wav in Resources */,
				CCB72D452990F0A600129465 /* Assets.xcassets in Resources */,
				CC47779429922BBF003E533A /* stage-4.wav in Resources */,
				CC4777A229923F3F003E533A /* sand-7.wav in Resources */,
				CC4777A529923F3F003E533A /* sand-4.wav in Resources */,
				CC47779129922BBF003E533A /* stage-2.wav in Resources */,
				CC47779729922BBF003E533A /* stage-8.wav in Resources */,
				CCB72D432990F0A500129465 /* Main.storyboard in Resources */,
				CC47779629922BBF003E533A /* stage-7.wav in Resources */,
				CC4777A129923F3F003E533A /* sand-5.wav in Resources */,
				CC4777A729923F3F003E533A /* sand-1.wav in Resources */,
				CC4777A429923F3F003E533A /* sand-3.wav in Resources */,
				CC47779529922BBF003E533A /* stage-6.wav in Resources */,
				CC47779029922BBF003E533A /* stage-3.wav in Resources */,
				CC4777A329923F3F003E533A /* sand-6.wav in Resources */,
			);
			runOnlyForDeploymentPostprocessing = 0;
		};
/* End PBXResourcesBuildPhase section */

/* Begin PBXSourcesBuildPhase section */
		CCB72D342990F0A500129465 /* Sources */ = {
			isa = PBXSourcesBuildPhase;
			buildActionMask = 2147483647;
			files = (
				CCB72D402990F0A500129465 /* ViewController.swift in Sources */,
				CCB72D3C2990F0A500129465 /* AppDelegate.swift in Sources */,
				CCB72D3E2990F0A500129465 /* SceneDelegate.swift in Sources */,
			);
			runOnlyForDeploymentPostprocessing = 0;
		};
/* End PBXSourcesBuildPhase section */

/* Begin PBXVariantGroup section */
		CCB72D412990F0A500129465 /* Main.storyboard */ = {
			isa = PBXVariantGroup;
			children = (
				CCB72D422990F0A500129465 /* Base */,
			);
			name = Main.storyboard;
			sourceTree = "<group>";
		};
		CCB72D462990F0A600129465 /* LaunchScreen.storyboard */ = {
			isa = PBXVariantGroup;
			children = (
				CCB72D472990F0A600129465 /* Base */,
			);
			name = LaunchScreen.storyboard;
			sourceTree = "<group>";
		};
/* End PBXVariantGroup section */

/* Begin XCBuildConfiguration section */
		CCB72D4A2990F0A600129465 /* Debug */ = {
			isa = XCBuildConfiguration;
			buildSettings = {
				ALWAYS_SEARCH_USER_PATHS = NO;
				CLANG_ANALYZER_NONNULL = YES;
				CLANG_ANALYZER_NUMBER_OBJECT_CONVERSION = YES_AGGRESSIVE;
				CLANG_CXX_LANGUAGE_STANDARD = "gnu++20";
				CLANG_ENABLE_MODULES = YES;
				CLANG_ENABLE_OBJC_ARC = YES;
				CLANG_ENABLE_OBJC_WEAK = YES;
				CLANG_WARN_BLOCK_CAPTURE_AUTORELEASING = YES;
				CLANG_WARN_BOOL_CONVERSION = YES;
				CLANG_WARN_COMMA = YES;
				CLANG_WARN_CONSTANT_CONVERSION = YES;
				CLANG_WARN_DEPRECATED_OBJC_IMPLEMENTATIONS = YES;
				CLANG_WARN_DIRECT_OBJC_ISA_USAGE = YES_ERROR;
				CLANG_WARN_DOCUMENTATION_COMMENTS = YES;
				CLANG_WARN_EMPTY_BODY = YES;
				CLANG_WARN_ENUM_CONVERSION = YES;
				CLANG_WARN_INFINITE_RECURSION = YES;
				CLANG_WARN_INT_CONVERSION = YES;
				CLANG_WARN_NON_LITERAL_NULL_CONVERSION = YES;
				CLANG_WARN_OBJC_IMPLICIT_RETAIN_SELF = YES;
				CLANG_WARN_OBJC_LITERAL_CONVERSION = YES;
				CLANG_WARN_OBJC_ROOT_CLASS = YES_ERROR;
				CLANG_WARN_QUOTED_INCLUDE_IN_FRAMEWORK_HEADER = YES;
				CLANG_WARN_RANGE_LOOP_ANALYSIS = YES;
				CLANG_WARN_STRICT_PROTOTYPES = YES;
				CLANG_WARN_SUSPICIOUS_MOVE = YES;
				CLANG_WARN_UNGUARDED_AVAILABILITY = YES_AGGRESSIVE;
				CLANG_WARN_UNREACHABLE_CODE = YES;
				CLANG_WARN__DUPLICATE_METHOD_MATCH = YES;
				COPY_PHASE_STRIP = NO;
				DEBUG_INFORMATION_FORMAT = dwarf;
				ENABLE_STRICT_OBJC_MSGSEND = YES;
				ENABLE_TESTABILITY = YES;
				GCC_C_LANGUAGE_STANDARD = gnu11;
				GCC_DYNAMIC_NO_PIC = NO;
				GCC_NO_COMMON_BLOCKS = YES;
				GCC_OPTIMIZATION_LEVEL = 0;
				GCC_PREPROCESSOR_DEFINITIONS = (
					"DEBUG=1",
					"$(inherited)",
				);
				GCC_WARN_64_TO_32_BIT_CONVERSION = YES;
				GCC_WARN_ABOUT_RETURN_TYPE = YES_ERROR;
				GCC_WARN_UNDECLARED_SELECTOR = YES;
				GCC_WARN_UNINITIALIZED_AUTOS = YES_AGGRESSIVE;
				GCC_WARN_UNUSED_FUNCTION = YES;
				GCC_WARN_UNUSED_VARIABLE = YES;
				IPHONEOS_DEPLOYMENT_TARGET = 16.2;
				MTL_ENABLE_DEBUG_INFO = INCLUDE_SOURCE;
				MTL_FAST_MATH = YES;
				ONLY_ACTIVE_ARCH = YES;
				SDKROOT = iphoneos;
				SWIFT_ACTIVE_COMPILATION_CONDITIONS = DEBUG;
				SWIFT_OPTIMIZATION_LEVEL = "-Onone";
			};
			name = Debug;
		};
		CCB72D4B2990F0A600129465 /* Release */ = {
			isa = XCBuildConfiguration;
			buildSettings = {
				ALWAYS_SEARCH_USER_PATHS = NO;
				CLANG_ANALYZER_NONNULL = YES;
				CLANG_ANALYZER_NUMBER_OBJECT_CONVERSION = YES_AGGRESSIVE;
				CLANG_CXX_LANGUAGE_STANDARD = "gnu++20";
				CLANG_ENABLE_MODULES = YES;
				CLANG_ENABLE_OBJC_ARC = YES;
				CLANG_ENABLE_OBJC_WEAK = YES;
				CLANG_WARN_BLOCK_CAPTURE_AUTORELEASING = YES;
				CLANG_WARN_BOOL_CONVERSION = YES;
				CLANG_WARN_COMMA = YES;
				CLANG_WARN_CONSTANT_CONVERSION = YES;
				CLANG_WARN_DEPRECATED_OBJC_IMPLEMENTATIONS = YES;
				CLANG_WARN_DIRECT_OBJC_ISA_USAGE = YES_ERROR;
				CLANG_WARN_DOCUMENTATION_COMMENTS = YES;
				CLANG_WARN_EMPTY_BODY = YES;
				CLANG_WARN_ENUM_CONVERSION = YES;
				CLANG_WARN_INFINITE_RECURSION = YES;
				CLANG_WARN_INT_CONVERSION = YES;
				CLANG_WARN_NON_LITERAL_NULL_CONVERSION = YES;
				CLANG_WARN_OBJC_IMPLICIT_RETAIN_SELF = YES;
				CLANG_WARN_OBJC_LITERAL_CONVERSION = YES;
				CLANG_WARN_OBJC_ROOT_CLASS = YES_ERROR;
				CLANG_WARN_QUOTED_INCLUDE_IN_FRAMEWORK_HEADER = YES;
				CLANG_WARN_RANGE_LOOP_ANALYSIS = YES;
				CLANG_WARN_STRICT_PROTOTYPES = YES;
				CLANG_WARN_SUSPICIOUS_MOVE = YES;
				CLANG_WARN_UNGUARDED_AVAILABILITY = YES_AGGRESSIVE;
				CLANG_WARN_UNREACHABLE_CODE = YES;
				CLANG_WARN__DUPLICATE_METHOD_MATCH = YES;
				COPY_PHASE_STRIP = NO;
				DEBUG_INFORMATION_FORMAT = "dwarf-with-dsym";
				ENABLE_NS_ASSERTIONS = NO;
				ENABLE_STRICT_OBJC_MSGSEND = YES;
				GCC_C_LANGUAGE_STANDARD = gnu11;
				GCC_NO_COMMON_BLOCKS = YES;
				GCC_WARN_64_TO_32_BIT_CONVERSION = YES;
				GCC_WARN_ABOUT_RETURN_TYPE = YES_ERROR;
				GCC_WARN_UNDECLARED_SELECTOR = YES;
				GCC_WARN_UNINITIALIZED_AUTOS = YES_AGGRESSIVE;
				GCC_WARN_UNUSED_FUNCTION = YES;
				GCC_WARN_UNUSED_VARIABLE = YES;
				IPHONEOS_DEPLOYMENT_TARGET = 16.2;
				MTL_ENABLE_DEBUG_INFO = NO;
				MTL_FAST_MATH = YES;
				SDKROOT = iphoneos;
				SWIFT_COMPILATION_MODE = wholemodule;
				SWIFT_OPTIMIZATION_LEVEL = "-O";
				VALIDATE_PRODUCT = YES;
			};
			name = Release;
		};
		CCB72D4D2990F0A600129465 /* Debug */ = {
			isa = XCBuildConfiguration;
			buildSettings = {
				ASSETCATALOG_COMPILER_APPICON_NAME = AppIcon;
				ASSETCATALOG_COMPILER_GLOBAL_ACCENT_COLOR_NAME = AccentColor;
				CODE_SIGN_STYLE = Automatic;
				CURRENT_PROJECT_VERSION = 1;
				DEVELOPMENT_TEAM = Q55T7745P3;
				GENERATE_INFOPLIST_FILE = YES;
				INFOPLIST_FILE = MusicStudio/Info.plist;
				INFOPLIST_KEY_UIApplicationSupportsIndirectInputEvents = YES;
				INFOPLIST_KEY_UILaunchStoryboardName = LaunchScreen;
				INFOPLIST_KEY_UIMainStoryboardFile = Main;
				INFOPLIST_KEY_UISupportedInterfaceOrientations = "UIInterfaceOrientationLandscapeLeft UIInterfaceOrientationLandscapeRight";
				INFOPLIST_KEY_UISupportedInterfaceOrientations_iPad = "UIInterfaceOrientationLandscapeLeft UIInterfaceOrientationLandscapeRight UIInterfaceOrientationPortrait UIInterfaceOrientationPortraitUpsideDown";
				IPHONEOS_DEPLOYMENT_TARGET = 13.0;
				LD_RUNPATH_SEARCH_PATHS = (
					"$(inherited)",
					"@executable_path/Frameworks",
				);
				MARKETING_VERSION = 1.0;
				PRODUCT_BUNDLE_IDENTIFIER = com.taolee.music.MusicStudio;
				PRODUCT_NAME = "$(TARGET_NAME)";
				SWIFT_EMIT_LOC_STRINGS = YES;
				SWIFT_VERSION = 5.0;
				TARGETED_DEVICE_FAMILY = "1,2";
			};
			name = Debug;
		};
		CCB72D4E2990F0A600129465 /* Release */ = {
			isa = XCBuildConfiguration;
			buildSettings = {
				ASSETCATALOG_COMPILER_APPICON_NAME = AppIcon;
				ASSETCATALOG_COMPILER_GLOBAL_ACCENT_COLOR_NAME = AccentColor;
				CODE_SIGN_STYLE = Automatic;
				CURRENT_PROJECT_VERSION = 1;
				DEVELOPMENT_TEAM = Q55T7745P3;
				GENERATE_INFOPLIST_FILE = YES;
				INFOPLIST_FILE = MusicStudio/Info.plist;
				INFOPLIST_KEY_UIApplicationSupportsIndirectInputEvents = YES;
				INFOPLIST_KEY_UILaunchStoryboardName = LaunchScreen;
				INFOPLIST_KEY_UIMainStoryboardFile = Main;
				INFOPLIST_KEY_UISupportedInterfaceOrientations = "UIInterfaceOrientationLandscapeLeft UIInterfaceOrientationLandscapeRight";
				INFOPLIST_KEY_UISupportedInterfaceOrientations_iPad = "UIInterfaceOrientationLandscapeLeft UIInterfaceOrientationLandscapeRight UIInterfaceOrientationPortrait UIInterfaceOrientationPortraitUpsideDown";
				IPHONEOS_DEPLOYMENT_TARGET = 13.0;
				LD_RUNPATH_SEARCH_PATHS = (
					"$(inherited)",
					"@executable_path/Frameworks",
				);
				MARKETING_VERSION = 1.0;
				PRODUCT_BUNDLE_IDENTIFIER = com.taolee.music.MusicStudio;
				PRODUCT_NAME = "$(TARGET_NAME)";
				SWIFT_EMIT_LOC_STRINGS = YES;
				SWIFT_VERSION = 5.0;
				TARGETED_DEVICE_FAMILY = "1,2";
			};
			name = Release;
		};
/* End XCBuildConfiguration section */

/* Begin XCConfigurationList section */
		CCB72D332990F0A500129465 /* Build configuration list for PBXProject "MusicStudio" */ = {
			isa = XCConfigurationList;
			buildConfigurations = (
				CCB72D4A2990F0A600129465 /* Debug */,
				CCB72D4B2990F0A600129465 /* Release */,
			);
			defaultConfigurationIsVisible = 0;
			defaultConfigurationName = Release;
		};
		CCB72D4C2990F0A600129465 /* Build configuration list for PBXNativeTarget "MusicStudio" */ = {
			isa = XCConfigurationList;
			buildConfigurations = (
				CCB72D4D2990F0A600129465 /* Debug */,
				CCB72D4E2990F0A600129465 /* Release */,
			);
			defaultConfigurationIsVisible = 0;
			defaultConfigurationName = Release;
		};
/* End XCConfigurationList section */

/* Begin XCRemoteSwiftPackageReference section */
		CCB72D4F2990F53200129465 /* XCRemoteSwiftPackageReference "AudioKit" */ = {
			isa = XCRemoteSwiftPackageReference;
			repositoryURL = "https://github.com/AudioKit/AudioKit.git";
			requirement = {
				kind = upToNextMajorVersion;
				minimumVersion = 5.0.0;
			};
		};
/* End XCRemoteSwiftPackageReference section */

/* Begin XCSwiftPackageProductDependency section */
		CC47778529922B9D003E533A /* AudioKit */ = {
			isa = XCSwiftPackageProductDependency;
			package = CCB72D4F2990F53200129465 /* XCRemoteSwiftPackageReference "AudioKit" */;
			productName = AudioKit;
		};
/* End XCSwiftPackageProductDependency section */
	};
	rootObject = CCB72D302990F0A500129465 /* Project object */;
}
